// !$*UTF8*$!
{
	archiveVersion = 1;
	classes = {
	};
	objectVersion = 51;
	objects = {

/* Begin PBXBuildFile section */
		14609E5655F147B525AB6ABB /* Pods_TaskOfEProject.framework in Frameworks */ = {isa = PBXBuildFile; fileRef = 3E82D11C425AEDBD1839EAA5 /* Pods_TaskOfEProject.framework */; };
		57CF243B23222D06C2F77EFF /* Pods_TaskOfEProjectTests.framework in Frameworks */ = {isa = PBXBuildFile; fileRef = 8BCB8F88BAF2E13C47848686 /* Pods_TaskOfEProjectTests.framework */; };
		6862D8FA23CC51580083BE93 /* AppDelegate.swift in Sources */ = {isa = PBXBuildFile; fileRef = 6862D8F923CC51580083BE93 /* AppDelegate.swift */; };
		6862D8FC23CC51580083BE93 /* SceneDelegate.swift in Sources */ = {isa = PBXBuildFile; fileRef = 6862D8FB23CC51580083BE93 /* SceneDelegate.swift */; };
		6862D90123CC51580083BE93 /* Main.storyboard in Resources */ = {isa = PBXBuildFile; fileRef = 6862D8FF23CC51580083BE93 /* Main.storyboard */; };
		6862D90423CC51580083BE93 /* TaskOfEProject.xcdatamodeld in Sources */ = {isa = PBXBuildFile; fileRef = 6862D90223CC51580083BE93 /* TaskOfEProject.xcdatamodeld */; };
		6862D90923CC51590083BE93 /* LaunchScreen.storyboard in Resources */ = {isa = PBXBuildFile; fileRef = 6862D90723CC51590083BE93 /* LaunchScreen.storyboard */; };
		6862D91423CC51590083BE93 /* TaskOfEProjectTests.swift in Sources */ = {isa = PBXBuildFile; fileRef = 6862D91323CC51590083BE93 /* TaskOfEProjectTests.swift */; };
		6862D91F23CC51590083BE93 /* TaskOfEProjectUITests.swift in Sources */ = {isa = PBXBuildFile; fileRef = 6862D91E23CC51590083BE93 /* TaskOfEProjectUITests.swift */; };
		6862D93023CC51920083BE93 /* RequestUtilty.swift in Sources */ = {isa = PBXBuildFile; fileRef = 6862D92D23CC51920083BE93 /* RequestUtilty.swift */; };
		6862D93123CC51920083BE93 /* RequestService.swift in Sources */ = {isa = PBXBuildFile; fileRef = 6862D92E23CC51920083BE93 /* RequestService.swift */; };
		6862D93223CC51920083BE93 /* APIClient.swift in Sources */ = {isa = PBXBuildFile; fileRef = 6862D92F23CC51920083BE93 /* APIClient.swift */; };
		6862D93C23CC55110083BE93 /* HomeMapRouter.swift in Sources */ = {isa = PBXBuildFile; fileRef = 6862D93623CC55110083BE93 /* HomeMapRouter.swift */; };
		6862D93D23CC55110083BE93 /* HomeMapModels.swift in Sources */ = {isa = PBXBuildFile; fileRef = 6862D93723CC55110083BE93 /* HomeMapModels.swift */; };
		6862D93E23CC55110083BE93 /* HomeMapViewController.swift in Sources */ = {isa = PBXBuildFile; fileRef = 6862D93823CC55110083BE93 /* HomeMapViewController.swift */; };
		6862D93F23CC55110083BE93 /* HomeMapInteractor.swift in Sources */ = {isa = PBXBuildFile; fileRef = 6862D93923CC55110083BE93 /* HomeMapInteractor.swift */; };
		6862D94123CC614C0083BE93 /* CustomMarker.xib in Resources */ = {isa = PBXBuildFile; fileRef = 6862D94023CC614C0083BE93 /* CustomMarker.xib */; };
		6862D94323CC61C60083BE93 /* CustomMarker.swift in Sources */ = {isa = PBXBuildFile; fileRef = 6862D94223CC61C60083BE93 /* CustomMarker.swift */; };
		6862D94C23CC67C00083BE93 /* DetailsPresenter.swift in Sources */ = {isa = PBXBuildFile; fileRef = 6862D94623CC67C00083BE93 /* DetailsPresenter.swift */; };
		6862D94D23CC67C00083BE93 /* DetailsWorker.swift in Sources */ = {isa = PBXBuildFile; fileRef = 6862D94723CC67C00083BE93 /* DetailsWorker.swift */; };
		6862D94F23CC67C00083BE93 /* DetailsModels.swift in Sources */ = {isa = PBXBuildFile; fileRef = 6862D94923CC67C00083BE93 /* DetailsModels.swift */; };
		6862D95023CC67C00083BE93 /* DetailsViewController.swift in Sources */ = {isa = PBXBuildFile; fileRef = 6862D94A23CC67C00083BE93 /* DetailsViewController.swift */; };
		6862D95123CC67C00083BE93 /* DetailsInteractor.swift in Sources */ = {isa = PBXBuildFile; fileRef = 6862D94B23CC67C00083BE93 /* DetailsInteractor.swift */; };
		6862D95323CCA8DA0083BE93 /* Loader.swift in Sources */ = {isa = PBXBuildFile; fileRef = 6862D95223CCA8DA0083BE93 /* Loader.swift */; };
		6862D95523CCABC90083BE93 /* DetailsRouter.swift in Sources */ = {isa = PBXBuildFile; fileRef = 6862D95423CCABC90083BE93 /* DetailsRouter.swift */; };
		6877282A23CCD947006CA422 /* Assets.xcassets in Resources */ = {isa = PBXBuildFile; fileRef = 6877282923CCD947006CA422 /* Assets.xcassets */; };
		6877283323CCD9B2006CA422 /* StackView+Extension.swift in Sources */ = {isa = PBXBuildFile; fileRef = 6877282C23CCD9B2006CA422 /* StackView+Extension.swift */; };
		6877283423CCD9B2006CA422 /* String+Extensions.swift in Sources */ = {isa = PBXBuildFile; fileRef = 6877282D23CCD9B2006CA422 /* String+Extensions.swift */; };
		6877283523CCD9B2006CA422 /* Collection+Extension.swift in Sources */ = {isa = PBXBuildFile; fileRef = 6877282E23CCD9B2006CA422 /* Collection+Extension.swift */; };
		6877283623CCD9B2006CA422 /* UIView+Extension.swift in Sources */ = {isa = PBXBuildFile; fileRef = 6877282F23CCD9B2006CA422 /* UIView+Extension.swift */; };
		6877283723CCD9B3006CA422 /* CustomClasses.swift in Sources */ = {isa = PBXBuildFile; fileRef = 6877283023CCD9B2006CA422 /* CustomClasses.swift */; };
		6877283823CCD9B3006CA422 /* UIColor+Helpers.swift in Sources */ = {isa = PBXBuildFile; fileRef = 6877283123CCD9B2006CA422 /* UIColor+Helpers.swift */; };
		6877283923CCD9B3006CA422 /* Connectivity.swift in Sources */ = {isa = PBXBuildFile; fileRef = 6877283223CCD9B2006CA422 /* Connectivity.swift */; };
		6877283B23CCDEBE006CA422 /* IOSWeatherCollectionViewLayout.swift in Sources */ = {isa = PBXBuildFile; fileRef = 6877283A23CCDEBD006CA422 /* IOSWeatherCollectionViewLayout.swift */; };
		6877283E23CCDF49006CA422 /* GlobalSettings.swift in Sources */ = {isa = PBXBuildFile; fileRef = 6877283D23CCDF49006CA422 /* GlobalSettings.swift */; };
		6877284923CCEBB2006CA422 /* ExtendedInfoCell.swift in Sources */ = {isa = PBXBuildFile; fileRef = 6877284023CCEBB1006CA422 /* ExtendedInfoCell.swift */; };
		6877284A23CCEBB2006CA422 /* WeatherCell.swift in Sources */ = {isa = PBXBuildFile; fileRef = 6877284123CCEBB1006CA422 /* WeatherCell.swift */; };
		6877284B23CCEBB2006CA422 /* DailyCell.swift in Sources */ = {isa = PBXBuildFile; fileRef = 6877284223CCEBB1006CA422 /* DailyCell.swift */; };
		6877284C23CCEBB2006CA422 /* VerticalWeatherCell.swift in Sources */ = {isa = PBXBuildFile; fileRef = 6877284323CCEBB1006CA422 /* VerticalWeatherCell.swift */; };
		6877284D23CCEBB2006CA422 /* WeatherTopHeaderCell.swift in Sources */ = {isa = PBXBuildFile; fileRef = 6877284423CCEBB1006CA422 /* WeatherTopHeaderCell.swift */; };
		6877284E23CCEBB2006CA422 /* WeatherSecondHeader.swift in Sources */ = {isa = PBXBuildFile; fileRef = 6877284523CCEBB1006CA422 /* WeatherSecondHeader.swift */; };
		6877284F23CCEBB2006CA422 /* TodayWeatherCell.swift in Sources */ = {isa = PBXBuildFile; fileRef = 6877284623CCEBB1006CA422 /* TodayWeatherCell.swift */; };
		6877285023CCEBB2006CA422 /* DailyDetailCell.swift in Sources */ = {isa = PBXBuildFile; fileRef = 6877284723CCEBB1006CA422 /* DailyDetailCell.swift */; };
		6877285123CCEBB2006CA422 /* ExtendedDetailCell.swift in Sources */ = {isa = PBXBuildFile; fileRef = 6877284823CCEBB1006CA422 /* ExtendedDetailCell.swift */; };
		6877285823CCF334006CA422 /* DailyWeatherDatasource.swift in Sources */ = {isa = PBXBuildFile; fileRef = 6877285323CCF334006CA422 /* DailyWeatherDatasource.swift */; };
		6877285923CCF335006CA422 /* ExtendedInfoDatasource.swift in Sources */ = {isa = PBXBuildFile; fileRef = 6877285423CCF334006CA422 /* ExtendedInfoDatasource.swift */; };
		6877285A23CCF335006CA422 /* HourlyDatasource.swift in Sources */ = {isa = PBXBuildFile; fileRef = 6877285523CCF334006CA422 /* HourlyDatasource.swift */; };
		6877285B23CCF335006CA422 /* WeatherDatasource.swift in Sources */ = {isa = PBXBuildFile; fileRef = 6877285623CCF334006CA422 /* WeatherDatasource.swift */; };
		6877285C23CCF335006CA422 /* WeatherCellDetailDatasource.swift in Sources */ = {isa = PBXBuildFile; fileRef = 6877285723CCF334006CA422 /* WeatherCellDetailDatasource.swift */; };
		E038EC9985BA0149273B66DA /* Pods_TaskOfEProject_TaskOfEProjectUITests.framework in Frameworks */ = {isa = PBXBuildFile; fileRef = EDC2607F0DCE42B822B9FF4C /* Pods_TaskOfEProject_TaskOfEProjectUITests.framework */; };
/* End PBXBuildFile section */

/* Begin PBXContainerItemProxy section */
		6862D91023CC51590083BE93 /* PBXContainerItemProxy */ = {
			isa = PBXContainerItemProxy;
			containerPortal = 6862D8EE23CC51580083BE93 /* Project object */;
			proxyType = 1;
			remoteGlobalIDString = 6862D8F523CC51580083BE93;
			remoteInfo = TaskOfEProject;
		};
		6862D91B23CC51590083BE93 /* PBXContainerItemProxy */ = {
			isa = PBXContainerItemProxy;
			containerPortal = 6862D8EE23CC51580083BE93 /* Project object */;
			proxyType = 1;
			remoteGlobalIDString = 6862D8F523CC51580083BE93;
			remoteInfo = TaskOfEProject;
		};
/* End PBXContainerItemProxy section */

/* Begin PBXFileReference section */
		045273652790130178D07FBA /* Pods-TaskOfEProject-TaskOfEProjectUITests.debug.xcconfig */ = {isa = PBXFileReference; includeInIndex = 1; lastKnownFileType = text.xcconfig; name = "Pods-TaskOfEProject-TaskOfEProjectUITests.debug.xcconfig"; path = "Target Support Files/Pods-TaskOfEProject-TaskOfEProjectUITests/Pods-TaskOfEProject-TaskOfEProjectUITests.debug.xcconfig"; sourceTree = "<group>"; };
		273C70212C9D992142453EEA /* Pods-TaskOfEProject.release.xcconfig */ = {isa = PBXFileReference; includeInIndex = 1; lastKnownFileType = text.xcconfig; name = "Pods-TaskOfEProject.release.xcconfig"; path = "Target Support Files/Pods-TaskOfEProject/Pods-TaskOfEProject.release.xcconfig"; sourceTree = "<group>"; };
		3E82D11C425AEDBD1839EAA5 /* Pods_TaskOfEProject.framework */ = {isa = PBXFileReference; explicitFileType = wrapper.framework; includeInIndex = 0; path = Pods_TaskOfEProject.framework; sourceTree = BUILT_PRODUCTS_DIR; };
		60784DF31682D8568CB45980 /* Pods-TaskOfEProject-TaskOfEProjectUITests.release.xcconfig */ = {isa = PBXFileReference; includeInIndex = 1; lastKnownFileType = text.xcconfig; name = "Pods-TaskOfEProject-TaskOfEProjectUITests.release.xcconfig"; path = "Target Support Files/Pods-TaskOfEProject-TaskOfEProjectUITests/Pods-TaskOfEProject-TaskOfEProjectUITests.release.xcconfig"; sourceTree = "<group>"; };
		6862D8F623CC51580083BE93 /* TaskOfEProject.app */ = {isa = PBXFileReference; explicitFileType = wrapper.application; includeInIndex = 0; path = TaskOfEProject.app; sourceTree = BUILT_PRODUCTS_DIR; };
		6862D8F923CC51580083BE93 /* AppDelegate.swift */ = {isa = PBXFileReference; lastKnownFileType = sourcecode.swift; path = AppDelegate.swift; sourceTree = "<group>"; };
		6862D8FB23CC51580083BE93 /* SceneDelegate.swift */ = {isa = PBXFileReference; lastKnownFileType = sourcecode.swift; path = SceneDelegate.swift; sourceTree = "<group>"; };
		6862D90023CC51580083BE93 /* Base */ = {isa = PBXFileReference; lastKnownFileType = file.storyboard; name = Base; path = Base.lproj/Main.storyboard; sourceTree = "<group>"; };
		6862D90323CC51580083BE93 /* TaskOfEProject.xcdatamodel */ = {isa = PBXFileReference; lastKnownFileType = wrapper.xcdatamodel; path = TaskOfEProject.xcdatamodel; sourceTree = "<group>"; };
		6862D90823CC51590083BE93 /* Base */ = {isa = PBXFileReference; lastKnownFileType = file.storyboard; name = Base; path = Base.lproj/LaunchScreen.storyboard; sourceTree = "<group>"; };
		6862D90A23CC51590083BE93 /* Info.plist */ = {isa = PBXFileReference; lastKnownFileType = text.plist.xml; path = Info.plist; sourceTree = "<group>"; };
		6862D90F23CC51590083BE93 /* TaskOfEProjectTests.xctest */ = {isa = PBXFileReference; explicitFileType = wrapper.cfbundle; includeInIndex = 0; path = TaskOfEProjectTests.xctest; sourceTree = BUILT_PRODUCTS_DIR; };
		6862D91323CC51590083BE93 /* TaskOfEProjectTests.swift */ = {isa = PBXFileReference; lastKnownFileType = sourcecode.swift; path = TaskOfEProjectTests.swift; sourceTree = "<group>"; };
		6862D91523CC51590083BE93 /* Info.plist */ = {isa = PBXFileReference; lastKnownFileType = text.plist.xml; path = Info.plist; sourceTree = "<group>"; };
		6862D91A23CC51590083BE93 /* TaskOfEProjectUITests.xctest */ = {isa = PBXFileReference; explicitFileType = wrapper.cfbundle; includeInIndex = 0; path = TaskOfEProjectUITests.xctest; sourceTree = BUILT_PRODUCTS_DIR; };
		6862D91E23CC51590083BE93 /* TaskOfEProjectUITests.swift */ = {isa = PBXFileReference; lastKnownFileType = sourcecode.swift; path = TaskOfEProjectUITests.swift; sourceTree = "<group>"; };
		6862D92023CC51590083BE93 /* Info.plist */ = {isa = PBXFileReference; lastKnownFileType = text.plist.xml; path = Info.plist; sourceTree = "<group>"; };
		6862D92D23CC51920083BE93 /* RequestUtilty.swift */ = {isa = PBXFileReference; fileEncoding = 4; lastKnownFileType = sourcecode.swift; path = RequestUtilty.swift; sourceTree = "<group>"; };
		6862D92E23CC51920083BE93 /* RequestService.swift */ = {isa = PBXFileReference; fileEncoding = 4; lastKnownFileType = sourcecode.swift; path = RequestService.swift; sourceTree = "<group>"; };
		6862D92F23CC51920083BE93 /* APIClient.swift */ = {isa = PBXFileReference; fileEncoding = 4; lastKnownFileType = sourcecode.swift; path = APIClient.swift; sourceTree = "<group>"; };
		6862D93623CC55110083BE93 /* HomeMapRouter.swift */ = {isa = PBXFileReference; lastKnownFileType = sourcecode.swift; path = HomeMapRouter.swift; sourceTree = "<group>"; };
		6862D93723CC55110083BE93 /* HomeMapModels.swift */ = {isa = PBXFileReference; lastKnownFileType = sourcecode.swift; path = HomeMapModels.swift; sourceTree = "<group>"; };
		6862D93823CC55110083BE93 /* HomeMapViewController.swift */ = {isa = PBXFileReference; lastKnownFileType = sourcecode.swift; path = HomeMapViewController.swift; sourceTree = "<group>"; };
		6862D93923CC55110083BE93 /* HomeMapInteractor.swift */ = {isa = PBXFileReference; lastKnownFileType = sourcecode.swift; path = HomeMapInteractor.swift; sourceTree = "<group>"; };
		6862D94023CC614C0083BE93 /* CustomMarker.xib */ = {isa = PBXFileReference; lastKnownFileType = file.xib; path = CustomMarker.xib; sourceTree = "<group>"; };
		6862D94223CC61C60083BE93 /* CustomMarker.swift */ = {isa = PBXFileReference; lastKnownFileType = sourcecode.swift; path = CustomMarker.swift; sourceTree = "<group>"; };
		6862D94623CC67C00083BE93 /* DetailsPresenter.swift */ = {isa = PBXFileReference; lastKnownFileType = sourcecode.swift; path = DetailsPresenter.swift; sourceTree = "<group>"; };
		6862D94723CC67C00083BE93 /* DetailsWorker.swift */ = {isa = PBXFileReference; lastKnownFileType = sourcecode.swift; path = DetailsWorker.swift; sourceTree = "<group>"; };
		6862D94923CC67C00083BE93 /* DetailsModels.swift */ = {isa = PBXFileReference; lastKnownFileType = sourcecode.swift; path = DetailsModels.swift; sourceTree = "<group>"; };
		6862D94A23CC67C00083BE93 /* DetailsViewController.swift */ = {isa = PBXFileReference; lastKnownFileType = sourcecode.swift; path = DetailsViewController.swift; sourceTree = "<group>"; };
		6862D94B23CC67C00083BE93 /* DetailsInteractor.swift */ = {isa = PBXFileReference; lastKnownFileType = sourcecode.swift; path = DetailsInteractor.swift; sourceTree = "<group>"; };
		6862D95223CCA8DA0083BE93 /* Loader.swift */ = {isa = PBXFileReference; fileEncoding = 4; lastKnownFileType = sourcecode.swift; path = Loader.swift; sourceTree = "<group>"; };
		6862D95423CCABC90083BE93 /* DetailsRouter.swift */ = {isa = PBXFileReference; fileEncoding = 4; lastKnownFileType = sourcecode.swift; path = DetailsRouter.swift; sourceTree = "<group>"; };
		6877282923CCD947006CA422 /* Assets.xcassets */ = {isa = PBXFileReference; lastKnownFileType = folder.assetcatalog; name = Assets.xcassets; path = "../../../Downloads/iOS11Weather-master/Weather/Resources/Assets.xcassets"; sourceTree = "<group>"; };
		6877282C23CCD9B2006CA422 /* StackView+Extension.swift */ = {isa = PBXFileReference; fileEncoding = 4; lastKnownFileType = sourcecode.swift; path = "StackView+Extension.swift"; sourceTree = "<group>"; };
		6877282D23CCD9B2006CA422 /* String+Extensions.swift */ = {isa = PBXFileReference; fileEncoding = 4; lastKnownFileType = sourcecode.swift; path = "String+Extensions.swift"; sourceTree = "<group>"; };
		6877282E23CCD9B2006CA422 /* Collection+Extension.swift */ = {isa = PBXFileReference; fileEncoding = 4; lastKnownFileType = sourcecode.swift; path = "Collection+Extension.swift"; sourceTree = "<group>"; };
		6877282F23CCD9B2006CA422 /* UIView+Extension.swift */ = {isa = PBXFileReference; fileEncoding = 4; lastKnownFileType = sourcecode.swift; path = "UIView+Extension.swift"; sourceTree = "<group>"; };
		6877283023CCD9B2006CA422 /* CustomClasses.swift */ = {isa = PBXFileReference; fileEncoding = 4; lastKnownFileType = sourcecode.swift; path = CustomClasses.swift; sourceTree = "<group>"; };
		6877283123CCD9B2006CA422 /* UIColor+Helpers.swift */ = {isa = PBXFileReference; fileEncoding = 4; lastKnownFileType = sourcecode.swift; path = "UIColor+Helpers.swift"; sourceTree = "<group>"; };
		6877283223CCD9B2006CA422 /* Connectivity.swift */ = {isa = PBXFileReference; fileEncoding = 4; lastKnownFileType = sourcecode.swift; path = Connectivity.swift; sourceTree = "<group>"; };
		6877283A23CCDEBD006CA422 /* IOSWeatherCollectionViewLayout.swift */ = {isa = PBXFileReference; fileEncoding = 4; lastKnownFileType = sourcecode.swift; path = IOSWeatherCollectionViewLayout.swift; sourceTree = "<group>"; };
		6877283D23CCDF49006CA422 /* GlobalSettings.swift */ = {isa = PBXFileReference; fileEncoding = 4; lastKnownFileType = sourcecode.swift; path = GlobalSettings.swift; sourceTree = "<group>"; };
		6877284023CCEBB1006CA422 /* ExtendedInfoCell.swift */ = {isa = PBXFileReference; fileEncoding = 4; lastKnownFileType = sourcecode.swift; path = ExtendedInfoCell.swift; sourceTree = "<group>"; };
		6877284123CCEBB1006CA422 /* WeatherCell.swift */ = {isa = PBXFileReference; fileEncoding = 4; lastKnownFileType = sourcecode.swift; path = WeatherCell.swift; sourceTree = "<group>"; };
		6877284223CCEBB1006CA422 /* DailyCell.swift */ = {isa = PBXFileReference; fileEncoding = 4; lastKnownFileType = sourcecode.swift; path = DailyCell.swift; sourceTree = "<group>"; };
		6877284323CCEBB1006CA422 /* VerticalWeatherCell.swift */ = {isa = PBXFileReference; fileEncoding = 4; lastKnownFileType = sourcecode.swift; path = VerticalWeatherCell.swift; sourceTree = "<group>"; };
		6877284423CCEBB1006CA422 /* WeatherTopHeaderCell.swift */ = {isa = PBXFileReference; fileEncoding = 4; lastKnownFileType = sourcecode.swift; path = WeatherTopHeaderCell.swift; sourceTree = "<group>"; };
		6877284523CCEBB1006CA422 /* WeatherSecondHeader.swift */ = {isa = PBXFileReference; fileEncoding = 4; lastKnownFileType = sourcecode.swift; path = WeatherSecondHeader.swift; sourceTree = "<group>"; };
		6877284623CCEBB1006CA422 /* TodayWeatherCell.swift */ = {isa = PBXFileReference; fileEncoding = 4; lastKnownFileType = sourcecode.swift; path = TodayWeatherCell.swift; sourceTree = "<group>"; };
		6877284723CCEBB1006CA422 /* DailyDetailCell.swift */ = {isa = PBXFileReference; fileEncoding = 4; lastKnownFileType = sourcecode.swift; path = DailyDetailCell.swift; sourceTree = "<group>"; };
		6877284823CCEBB1006CA422 /* ExtendedDetailCell.swift */ = {isa = PBXFileReference; fileEncoding = 4; lastKnownFileType = sourcecode.swift; path = ExtendedDetailCell.swift; sourceTree = "<group>"; };
		6877285323CCF334006CA422 /* DailyWeatherDatasource.swift */ = {isa = PBXFileReference; fileEncoding = 4; lastKnownFileType = sourcecode.swift; path = DailyWeatherDatasource.swift; sourceTree = "<group>"; };
		6877285423CCF334006CA422 /* ExtendedInfoDatasource.swift */ = {isa = PBXFileReference; fileEncoding = 4; lastKnownFileType = sourcecode.swift; path = ExtendedInfoDatasource.swift; sourceTree = "<group>"; };
		6877285523CCF334006CA422 /* HourlyDatasource.swift */ = {isa = PBXFileReference; fileEncoding = 4; lastKnownFileType = sourcecode.swift; path = HourlyDatasource.swift; sourceTree = "<group>"; };
		6877285623CCF334006CA422 /* WeatherDatasource.swift */ = {isa = PBXFileReference; fileEncoding = 4; lastKnownFileType = sourcecode.swift; path = WeatherDatasource.swift; sourceTree = "<group>"; };
		6877285723CCF334006CA422 /* WeatherCellDetailDatasource.swift */ = {isa = PBXFileReference; fileEncoding = 4; lastKnownFileType = sourcecode.swift; path = WeatherCellDetailDatasource.swift; sourceTree = "<group>"; };
		8BCB8F88BAF2E13C47848686 /* Pods_TaskOfEProjectTests.framework */ = {isa = PBXFileReference; explicitFileType = wrapper.framework; includeInIndex = 0; path = Pods_TaskOfEProjectTests.framework; sourceTree = BUILT_PRODUCTS_DIR; };
		BDF2EDD6895F5C8B5709734D /* Pods-TaskOfEProjectTests.debug.xcconfig */ = {isa = PBXFileReference; includeInIndex = 1; lastKnownFileType = text.xcconfig; name = "Pods-TaskOfEProjectTests.debug.xcconfig"; path = "Target Support Files/Pods-TaskOfEProjectTests/Pods-TaskOfEProjectTests.debug.xcconfig"; sourceTree = "<group>"; };
		DFBEC736C459A8AB82272843 /* Pods-TaskOfEProjectTests.release.xcconfig */ = {isa = PBXFileReference; includeInIndex = 1; lastKnownFileType = text.xcconfig; name = "Pods-TaskOfEProjectTests.release.xcconfig"; path = "Target Support Files/Pods-TaskOfEProjectTests/Pods-TaskOfEProjectTests.release.xcconfig"; sourceTree = "<group>"; };
		EDC2607F0DCE42B822B9FF4C /* Pods_TaskOfEProject_TaskOfEProjectUITests.framework */ = {isa = PBXFileReference; explicitFileType = wrapper.framework; includeInIndex = 0; path = Pods_TaskOfEProject_TaskOfEProjectUITests.framework; sourceTree = BUILT_PRODUCTS_DIR; };
		EF0AE364B7F3C7ABE12D961D /* Pods-TaskOfEProject.debug.xcconfig */ = {isa = PBXFileReference; includeInIndex = 1; lastKnownFileType = text.xcconfig; name = "Pods-TaskOfEProject.debug.xcconfig"; path = "Target Support Files/Pods-TaskOfEProject/Pods-TaskOfEProject.debug.xcconfig"; sourceTree = "<group>"; };
/* End PBXFileReference section */

/* Begin PBXFrameworksBuildPhase section */
		6862D8F323CC51580083BE93 /* Frameworks */ = {
			isa = PBXFrameworksBuildPhase;
			buildActionMask = 2147483647;
			files = (
				14609E5655F147B525AB6ABB /* Pods_TaskOfEProject.framework in Frameworks */,
			);
			runOnlyForDeploymentPostprocessing = 0;
		};
		6862D90C23CC51590083BE93 /* Frameworks */ = {
			isa = PBXFrameworksBuildPhase;
			buildActionMask = 2147483647;
			files = (
				57CF243B23222D06C2F77EFF /* Pods_TaskOfEProjectTests.framework in Frameworks */,
			);
			runOnlyForDeploymentPostprocessing = 0;
		};
		6862D91723CC51590083BE93 /* Frameworks */ = {
			isa = PBXFrameworksBuildPhase;
			buildActionMask = 2147483647;
			files = (
				E038EC9985BA0149273B66DA /* Pods_TaskOfEProject_TaskOfEProjectUITests.framework in Frameworks */,
			);
			runOnlyForDeploymentPostprocessing = 0;
		};
/* End PBXFrameworksBuildPhase section */

/* Begin PBXGroup section */
		0B77740244DFC3AF9F592E02 /* Pods */ = {
			isa = PBXGroup;
			children = (
				EF0AE364B7F3C7ABE12D961D /* Pods-TaskOfEProject.debug.xcconfig */,
				273C70212C9D992142453EEA /* Pods-TaskOfEProject.release.xcconfig */,
				045273652790130178D07FBA /* Pods-TaskOfEProject-TaskOfEProjectUITests.debug.xcconfig */,
				60784DF31682D8568CB45980 /* Pods-TaskOfEProject-TaskOfEProjectUITests.release.xcconfig */,
				BDF2EDD6895F5C8B5709734D /* Pods-TaskOfEProjectTests.debug.xcconfig */,
				DFBEC736C459A8AB82272843 /* Pods-TaskOfEProjectTests.release.xcconfig */,
			);
			path = Pods;
			sourceTree = "<group>";
		};
		6862D8ED23CC51580083BE93 = {
			isa = PBXGroup;
			children = (
				6862D8F823CC51580083BE93 /* TaskOfEProject */,
				6862D91223CC51590083BE93 /* TaskOfEProjectTests */,
				6862D91D23CC51590083BE93 /* TaskOfEProjectUITests */,
				6862D8F723CC51580083BE93 /* Products */,
				0B77740244DFC3AF9F592E02 /* Pods */,
				B6B40CA9971DAA4EF961470D /* Frameworks */,
			);
			sourceTree = "<group>";
		};
		6862D8F723CC51580083BE93 /* Products */ = {
			isa = PBXGroup;
			children = (
				6862D8F623CC51580083BE93 /* TaskOfEProject.app */,
				6862D90F23CC51590083BE93 /* TaskOfEProjectTests.xctest */,
				6862D91A23CC51590083BE93 /* TaskOfEProjectUITests.xctest */,
			);
			name = Products;
			sourceTree = "<group>";
		};
		6862D8F823CC51580083BE93 /* TaskOfEProject */ = {
			isa = PBXGroup;
			children = (
				6877285223CCF334006CA422 /* Datasource */,
				6877283F23CCEBB1006CA422 /* View */,
				6877283C23CCDF49006CA422 /* GlobalSettings */,
				6877282B23CCD9B2006CA422 /* Utils */,
				6862D95223CCA8DA0083BE93 /* Loader.swift */,
				6862D94523CC67A30083BE93 /* DetailsVieController */,
				6862D93323CC54F10083BE93 /* HomeMapView */,
				6862D92C23CC51920083BE93 /* NetWorkManger */,
				6862D8F923CC51580083BE93 /* AppDelegate.swift */,
				6862D8FB23CC51580083BE93 /* SceneDelegate.swift */,
				6862D8FF23CC51580083BE93 /* Main.storyboard */,
				6877282923CCD947006CA422 /* Assets.xcassets */,
				6862D90723CC51590083BE93 /* LaunchScreen.storyboard */,
				6862D90A23CC51590083BE93 /* Info.plist */,
				6862D90223CC51580083BE93 /* TaskOfEProject.xcdatamodeld */,
			);
			path = TaskOfEProject;
			sourceTree = "<group>";
		};
		6862D91223CC51590083BE93 /* TaskOfEProjectTests */ = {
			isa = PBXGroup;
			children = (
				6862D91323CC51590083BE93 /* TaskOfEProjectTests.swift */,
				6862D91523CC51590083BE93 /* Info.plist */,
			);
			path = TaskOfEProjectTests;
			sourceTree = "<group>";
		};
		6862D91D23CC51590083BE93 /* TaskOfEProjectUITests */ = {
			isa = PBXGroup;
			children = (
				6862D91E23CC51590083BE93 /* TaskOfEProjectUITests.swift */,
				6862D92023CC51590083BE93 /* Info.plist */,
			);
			path = TaskOfEProjectUITests;
			sourceTree = "<group>";
		};
		6862D92C23CC51920083BE93 /* NetWorkManger */ = {
			isa = PBXGroup;
			children = (
				6862D92D23CC51920083BE93 /* RequestUtilty.swift */,
				6862D92E23CC51920083BE93 /* RequestService.swift */,
				6862D92F23CC51920083BE93 /* APIClient.swift */,
			);
			path = NetWorkManger;
			sourceTree = "<group>";
		};
		6862D93323CC54F10083BE93 /* HomeMapView */ = {
			isa = PBXGroup;
			children = (
				6862D94423CC66740083BE93 /* CustomPinView */,
				6862D93623CC55110083BE93 /* HomeMapRouter.swift */,
				6862D93723CC55110083BE93 /* HomeMapModels.swift */,
				6862D93823CC55110083BE93 /* HomeMapViewController.swift */,
				6862D93923CC55110083BE93 /* HomeMapInteractor.swift */,
			);
			path = HomeMapView;
			sourceTree = "<group>";
		};
		6862D94423CC66740083BE93 /* CustomPinView */ = {
			isa = PBXGroup;
			children = (
				6862D94023CC614C0083BE93 /* CustomMarker.xib */,
				6862D94223CC61C60083BE93 /* CustomMarker.swift */,
			);
			path = CustomPinView;
			sourceTree = "<group>";
		};
		6862D94523CC67A30083BE93 /* DetailsVieController */ = {
			isa = PBXGroup;
			children = (
				6877283A23CCDEBD006CA422 /* IOSWeatherCollectionViewLayout.swift */,
				6862D95423CCABC90083BE93 /* DetailsRouter.swift */,
				6862D94623CC67C00083BE93 /* DetailsPresenter.swift */,
				6862D94723CC67C00083BE93 /* DetailsWorker.swift */,
				6862D94923CC67C00083BE93 /* DetailsModels.swift */,
				6862D94A23CC67C00083BE93 /* DetailsViewController.swift */,
				6862D94B23CC67C00083BE93 /* DetailsInteractor.swift */,
			);
			path = DetailsVieController;
			sourceTree = "<group>";
		};
		6877282B23CCD9B2006CA422 /* Utils */ = {
			isa = PBXGroup;
			children = (
				6877282C23CCD9B2006CA422 /* StackView+Extension.swift */,
				6877282D23CCD9B2006CA422 /* String+Extensions.swift */,
				6877282E23CCD9B2006CA422 /* Collection+Extension.swift */,
				6877282F23CCD9B2006CA422 /* UIView+Extension.swift */,
				6877283023CCD9B2006CA422 /* CustomClasses.swift */,
				6877283123CCD9B2006CA422 /* UIColor+Helpers.swift */,
				6877283223CCD9B2006CA422 /* Connectivity.swift */,
			);
			path = Utils;
			sourceTree = "<group>";
		};
		6877283C23CCDF49006CA422 /* GlobalSettings */ = {
			isa = PBXGroup;
			children = (
				6877283D23CCDF49006CA422 /* GlobalSettings.swift */,
			);
			path = GlobalSettings;
			sourceTree = "<group>";
		};
		6877283F23CCEBB1006CA422 /* View */ = {
			isa = PBXGroup;
			children = (
				6877284023CCEBB1006CA422 /* ExtendedInfoCell.swift */,
				6877284123CCEBB1006CA422 /* WeatherCell.swift */,
				6877284223CCEBB1006CA422 /* DailyCell.swift */,
				6877284323CCEBB1006CA422 /* VerticalWeatherCell.swift */,
				6877284423CCEBB1006CA422 /* WeatherTopHeaderCell.swift */,
				6877284523CCEBB1006CA422 /* WeatherSecondHeader.swift */,
				6877284623CCEBB1006CA422 /* TodayWeatherCell.swift */,
				6877284723CCEBB1006CA422 /* DailyDetailCell.swift */,
				6877284823CCEBB1006CA422 /* ExtendedDetailCell.swift */,
			);
			path = View;
			sourceTree = "<group>";
		};
		6877285223CCF334006CA422 /* Datasource */ = {
			isa = PBXGroup;
			children = (
				6877285323CCF334006CA422 /* DailyWeatherDatasource.swift */,
				6877285423CCF334006CA422 /* ExtendedInfoDatasource.swift */,
				6877285523CCF334006CA422 /* HourlyDatasource.swift */,
				6877285623CCF334006CA422 /* WeatherDatasource.swift */,
				6877285723CCF334006CA422 /* WeatherCellDetailDatasource.swift */,
			);
			path = Datasource;
			sourceTree = "<group>";
		};
		B6B40CA9971DAA4EF961470D /* Frameworks */ = {
			isa = PBXGroup;
			children = (
				3E82D11C425AEDBD1839EAA5 /* Pods_TaskOfEProject.framework */,
				EDC2607F0DCE42B822B9FF4C /* Pods_TaskOfEProject_TaskOfEProjectUITests.framework */,
				8BCB8F88BAF2E13C47848686 /* Pods_TaskOfEProjectTests.framework */,
			);
			name = Frameworks;
			sourceTree = "<group>";
		};
/* End PBXGroup section */

/* Begin PBXNativeTarget section */
		6862D8F523CC51580083BE93 /* TaskOfEProject */ = {
			isa = PBXNativeTarget;
			buildConfigurationList = 6862D92323CC51590083BE93 /* Build configuration list for PBXNativeTarget "TaskOfEProject" */;
			buildPhases = (
				9EB74AD24FE047F25C6D3478 /* [CP] Check Pods Manifest.lock */,
				6862D8F223CC51580083BE93 /* Sources */,
				6862D8F323CC51580083BE93 /* Frameworks */,
				6862D8F423CC51580083BE93 /* Resources */,
				385A61D459AA85252FF8BB34 /* [CP] Embed Pods Frameworks */,
				79704BF8AB09DE415695ACB4 /* [CP] Copy Pods Resources */,
			);
			buildRules = (
			);
			dependencies = (
			);
			name = TaskOfEProject;
			productName = TaskOfEProject;
			productReference = 6862D8F623CC51580083BE93 /* TaskOfEProject.app */;
			productType = "com.apple.product-type.application";
		};
		6862D90E23CC51590083BE93 /* TaskOfEProjectTests */ = {
			isa = PBXNativeTarget;
			buildConfigurationList = 6862D92623CC51590083BE93 /* Build configuration list for PBXNativeTarget "TaskOfEProjectTests" */;
			buildPhases = (
				CEC81747CD54F56DC9A21EB1 /* [CP] Check Pods Manifest.lock */,
				6862D90B23CC51590083BE93 /* Sources */,
				6862D90C23CC51590083BE93 /* Frameworks */,
				6862D90D23CC51590083BE93 /* Resources */,
			);
			buildRules = (
			);
			dependencies = (
				6862D91123CC51590083BE93 /* PBXTargetDependency */,
			);
			name = TaskOfEProjectTests;
			productName = TaskOfEProjectTests;
			productReference = 6862D90F23CC51590083BE93 /* TaskOfEProjectTests.xctest */;
			productType = "com.apple.product-type.bundle.unit-test";
		};
		6862D91923CC51590083BE93 /* TaskOfEProjectUITests */ = {
			isa = PBXNativeTarget;
			buildConfigurationList = 6862D92923CC51590083BE93 /* Build configuration list for PBXNativeTarget "TaskOfEProjectUITests" */;
			buildPhases = (
				0904563A061AF67437F5AFEE /* [CP] Check Pods Manifest.lock */,
				6862D91623CC51590083BE93 /* Sources */,
				6862D91723CC51590083BE93 /* Frameworks */,
				6862D91823CC51590083BE93 /* Resources */,
				4DC5EE4F414CED5537ADF503 /* [CP] Embed Pods Frameworks */,
				E65C3D35C2B4D2DE1A08607A /* [CP] Copy Pods Resources */,
			);
			buildRules = (
			);
			dependencies = (
				6862D91C23CC51590083BE93 /* PBXTargetDependency */,
			);
			name = TaskOfEProjectUITests;
			productName = TaskOfEProjectUITests;
			productReference = 6862D91A23CC51590083BE93 /* TaskOfEProjectUITests.xctest */;
			productType = "com.apple.product-type.bundle.ui-testing";
		};
/* End PBXNativeTarget section */

/* Begin PBXProject section */
		6862D8EE23CC51580083BE93 /* Project object */ = {
			isa = PBXProject;
			attributes = {
				LastSwiftUpdateCheck = 1130;
				LastUpgradeCheck = 1130;
				ORGANIZATIONNAME = Nermeen;
				TargetAttributes = {
					6862D8F523CC51580083BE93 = {
						CreatedOnToolsVersion = 11.3;
					};
					6862D90E23CC51590083BE93 = {
						CreatedOnToolsVersion = 11.3;
						TestTargetID = 6862D8F523CC51580083BE93;
					};
					6862D91923CC51590083BE93 = {
						CreatedOnToolsVersion = 11.3;
						TestTargetID = 6862D8F523CC51580083BE93;
					};
				};
			};
			buildConfigurationList = 6862D8F123CC51580083BE93 /* Build configuration list for PBXProject "TaskOfEProject" */;
			compatibilityVersion = "Xcode 9.3";
			developmentRegion = en;
			hasScannedForEncodings = 0;
			knownRegions = (
				en,
				Base,
			);
			mainGroup = 6862D8ED23CC51580083BE93;
			productRefGroup = 6862D8F723CC51580083BE93 /* Products */;
			projectDirPath = "";
			projectRoot = "";
			targets = (
				6862D8F523CC51580083BE93 /* TaskOfEProject */,
				6862D90E23CC51590083BE93 /* TaskOfEProjectTests */,
				6862D91923CC51590083BE93 /* TaskOfEProjectUITests */,
			);
		};
/* End PBXProject section */

/* Begin PBXResourcesBuildPhase section */
		6862D8F423CC51580083BE93 /* Resources */ = {
			isa = PBXResourcesBuildPhase;
			buildActionMask = 2147483647;
			files = (
				6862D90923CC51590083BE93 /* LaunchScreen.storyboard in Resources */,
				6862D90123CC51580083BE93 /* Main.storyboard in Resources */,
				6862D94123CC614C0083BE93 /* CustomMarker.xib in Resources */,
				6877282A23CCD947006CA422 /* Assets.xcassets in Resources */,
			);
			runOnlyForDeploymentPostprocessing = 0;
		};
		6862D90D23CC51590083BE93 /* Resources */ = {
			isa = PBXResourcesBuildPhase;
			buildActionMask = 2147483647;
			files = (
			);
			runOnlyForDeploymentPostprocessing = 0;
		};
		6862D91823CC51590083BE93 /* Resources */ = {
			isa = PBXResourcesBuildPhase;
			buildActionMask = 2147483647;
			files = (
			);
			runOnlyForDeploymentPostprocessing = 0;
		};
/* End PBXResourcesBuildPhase section */

/* Begin PBXShellScriptBuildPhase section */
		0904563A061AF67437F5AFEE /* [CP] Check Pods Manifest.lock */ = {
			isa = PBXShellScriptBuildPhase;
			buildActionMask = 2147483647;
			files = (
			);
			inputFileListPaths = (
			);
			inputPaths = (
				"${PODS_PODFILE_DIR_PATH}/Podfile.lock",
				"${PODS_ROOT}/Manifest.lock",
			);
			name = "[CP] Check Pods Manifest.lock";
			outputFileListPaths = (
			);
			outputPaths = (
				"$(DERIVED_FILE_DIR)/Pods-TaskOfEProject-TaskOfEProjectUITests-checkManifestLockResult.txt",
			);
			runOnlyForDeploymentPostprocessing = 0;
			shellPath = /bin/sh;
			shellScript = "diff \"${PODS_PODFILE_DIR_PATH}/Podfile.lock\" \"${PODS_ROOT}/Manifest.lock\" > /dev/null\nif [ $? != 0 ] ; then\n    # print error to STDERR\n    echo \"error: The sandbox is not in sync with the Podfile.lock. Run 'pod install' or update your CocoaPods installation.\" >&2\n    exit 1\nfi\n# This output is used by Xcode 'outputs' to avoid re-running this script phase.\necho \"SUCCESS\" > \"${SCRIPT_OUTPUT_FILE_0}\"\n";
			showEnvVarsInLog = 0;
		};
		385A61D459AA85252FF8BB34 /* [CP] Embed Pods Frameworks */ = {
			isa = PBXShellScriptBuildPhase;
			buildActionMask = 2147483647;
			files = (
			);
			inputFileListPaths = (
				"${PODS_ROOT}/Target Support Files/Pods-TaskOfEProject/Pods-TaskOfEProject-frameworks-${CONFIGURATION}-input-files.xcfilelist",
			);
			name = "[CP] Embed Pods Frameworks";
			outputFileListPaths = (
				"${PODS_ROOT}/Target Support Files/Pods-TaskOfEProject/Pods-TaskOfEProject-frameworks-${CONFIGURATION}-output-files.xcfilelist",
			);
			runOnlyForDeploymentPostprocessing = 0;
			shellPath = /bin/sh;
			shellScript = "\"${PODS_ROOT}/Target Support Files/Pods-TaskOfEProject/Pods-TaskOfEProject-frameworks.sh\"\n";
			showEnvVarsInLog = 0;
		};
		4DC5EE4F414CED5537ADF503 /* [CP] Embed Pods Frameworks */ = {
			isa = PBXShellScriptBuildPhase;
			buildActionMask = 2147483647;
			files = (
			);
			inputFileListPaths = (
				"${PODS_ROOT}/Target Support Files/Pods-TaskOfEProject-TaskOfEProjectUITests/Pods-TaskOfEProject-TaskOfEProjectUITests-frameworks-${CONFIGURATION}-input-files.xcfilelist",
			);
			name = "[CP] Embed Pods Frameworks";
			outputFileListPaths = (
				"${PODS_ROOT}/Target Support Files/Pods-TaskOfEProject-TaskOfEProjectUITests/Pods-TaskOfEProject-TaskOfEProjectUITests-frameworks-${CONFIGURATION}-output-files.xcfilelist",
			);
			runOnlyForDeploymentPostprocessing = 0;
			shellPath = /bin/sh;
			shellScript = "\"${PODS_ROOT}/Target Support Files/Pods-TaskOfEProject-TaskOfEProjectUITests/Pods-TaskOfEProject-TaskOfEProjectUITests-frameworks.sh\"\n";
			showEnvVarsInLog = 0;
		};
		79704BF8AB09DE415695ACB4 /* [CP] Copy Pods Resources */ = {
			isa = PBXShellScriptBuildPhase;
			buildActionMask = 2147483647;
			files = (
			);
			inputFileListPaths = (
				"${PODS_ROOT}/Target Support Files/Pods-TaskOfEProject/Pods-TaskOfEProject-resources-${CONFIGURATION}-input-files.xcfilelist",
			);
			name = "[CP] Copy Pods Resources";
			outputFileListPaths = (
				"${PODS_ROOT}/Target Support Files/Pods-TaskOfEProject/Pods-TaskOfEProject-resources-${CONFIGURATION}-output-files.xcfilelist",
			);
			runOnlyForDeploymentPostprocessing = 0;
			shellPath = /bin/sh;
			shellScript = "\"${PODS_ROOT}/Target Support Files/Pods-TaskOfEProject/Pods-TaskOfEProject-resources.sh\"\n";
			showEnvVarsInLog = 0;
		};
		9EB74AD24FE047F25C6D3478 /* [CP] Check Pods Manifest.lock */ = {
			isa = PBXShellScriptBuildPhase;
			buildActionMask = 2147483647;
			files = (
			);
			inputFileListPaths = (
			);
			inputPaths = (
				"${PODS_PODFILE_DIR_PATH}/Podfile.lock",
				"${PODS_ROOT}/Manifest.lock",
			);
			name = "[CP] Check Pods Manifest.lock";
			outputFileListPaths = (
			);
			outputPaths = (
				"$(DERIVED_FILE_DIR)/Pods-TaskOfEProject-checkManifestLockResult.txt",
			);
			runOnlyForDeploymentPostprocessing = 0;
			shellPath = /bin/sh;
			shellScript = "diff \"${PODS_PODFILE_DIR_PATH}/Podfile.lock\" \"${PODS_ROOT}/Manifest.lock\" > /dev/null\nif [ $? != 0 ] ; then\n    # print error to STDERR\n    echo \"error: The sandbox is not in sync with the Podfile.lock. Run 'pod install' or update your CocoaPods installation.\" >&2\n    exit 1\nfi\n# This output is used by Xcode 'outputs' to avoid re-running this script phase.\necho \"SUCCESS\" > \"${SCRIPT_OUTPUT_FILE_0}\"\n";
			showEnvVarsInLog = 0;
		};
		CEC81747CD54F56DC9A21EB1 /* [CP] Check Pods Manifest.lock */ = {
			isa = PBXShellScriptBuildPhase;
			buildActionMask = 2147483647;
			files = (
			);
			inputFileListPaths = (
			);
			inputPaths = (
				"${PODS_PODFILE_DIR_PATH}/Podfile.lock",
				"${PODS_ROOT}/Manifest.lock",
			);
			name = "[CP] Check Pods Manifest.lock";
			outputFileListPaths = (
			);
			outputPaths = (
				"$(DERIVED_FILE_DIR)/Pods-TaskOfEProjectTests-checkManifestLockResult.txt",
			);
			runOnlyForDeploymentPostprocessing = 0;
			shellPath = /bin/sh;
			shellScript = "diff \"${PODS_PODFILE_DIR_PATH}/Podfile.lock\" \"${PODS_ROOT}/Manifest.lock\" > /dev/null\nif [ $? != 0 ] ; then\n    # print error to STDERR\n    echo \"error: The sandbox is not in sync with the Podfile.lock. Run 'pod install' or update your CocoaPods installation.\" >&2\n    exit 1\nfi\n# This output is used by Xcode 'outputs' to avoid re-running this script phase.\necho \"SUCCESS\" > \"${SCRIPT_OUTPUT_FILE_0}\"\n";
			showEnvVarsInLog = 0;
		};
		E65C3D35C2B4D2DE1A08607A /* [CP] Copy Pods Resources */ = {
			isa = PBXShellScriptBuildPhase;
			buildActionMask = 2147483647;
			files = (
			);
			inputFileListPaths = (
				"${PODS_ROOT}/Target Support Files/Pods-TaskOfEProject-TaskOfEProjectUITests/Pods-TaskOfEProject-TaskOfEProjectUITests-resources-${CONFIGURATION}-input-files.xcfilelist",
			);
			name = "[CP] Copy Pods Resources";
			outputFileListPaths = (
				"${PODS_ROOT}/Target Support Files/Pods-TaskOfEProject-TaskOfEProjectUITests/Pods-TaskOfEProject-TaskOfEProjectUITests-resources-${CONFIGURATION}-output-files.xcfilelist",
			);
			runOnlyForDeploymentPostprocessing = 0;
			shellPath = /bin/sh;
			shellScript = "\"${PODS_ROOT}/Target Support Files/Pods-TaskOfEProject-TaskOfEProjectUITests/Pods-TaskOfEProject-TaskOfEProjectUITests-resources.sh\"\n";
			showEnvVarsInLog = 0;
		};
/* End PBXShellScriptBuildPhase section */

/* Begin PBXSourcesBuildPhase section */
		6862D8F223CC51580083BE93 /* Sources */ = {
			isa = PBXSourcesBuildPhase;
			buildActionMask = 2147483647;
			files = (
				6877283623CCD9B2006CA422 /* UIView+Extension.swift in Sources */,
				6877284D23CCEBB2006CA422 /* WeatherTopHeaderCell.swift in Sources */,
				6877285023CCEBB2006CA422 /* DailyDetailCell.swift in Sources */,
				6877285C23CCF335006CA422 /* WeatherCellDetailDatasource.swift in Sources */,
				6877284B23CCEBB2006CA422 /* DailyCell.swift in Sources */,
				6877283423CCD9B2006CA422 /* String+Extensions.swift in Sources */,
				6877285B23CCF335006CA422 /* WeatherDatasource.swift in Sources */,
				6877285A23CCF335006CA422 /* HourlyDatasource.swift in Sources */,
				6877284923CCEBB2006CA422 /* ExtendedInfoCell.swift in Sources */,
				6877283923CCD9B3006CA422 /* Connectivity.swift in Sources */,
				6877283523CCD9B2006CA422 /* Collection+Extension.swift in Sources */,
				6877284A23CCEBB2006CA422 /* WeatherCell.swift in Sources */,
				6862D93E23CC55110083BE93 /* HomeMapViewController.swift in Sources */,
				6877283B23CCDEBE006CA422 /* IOSWeatherCollectionViewLayout.swift in Sources */,
				6862D94C23CC67C00083BE93 /* DetailsPresenter.swift in Sources */,
				6862D94323CC61C60083BE93 /* CustomMarker.swift in Sources */,
				6862D93223CC51920083BE93 /* APIClient.swift in Sources */,
				6862D93123CC51920083BE93 /* RequestService.swift in Sources */,
				6862D8FA23CC51580083BE93 /* AppDelegate.swift in Sources */,
				6862D8FC23CC51580083BE93 /* SceneDelegate.swift in Sources */,
				6862D95523CCABC90083BE93 /* DetailsRouter.swift in Sources */,
				6862D93023CC51920083BE93 /* RequestUtilty.swift in Sources */,
				6877285823CCF334006CA422 /* DailyWeatherDatasource.swift in Sources */,
				6877283323CCD9B2006CA422 /* StackView+Extension.swift in Sources */,
				6862D95323CCA8DA0083BE93 /* Loader.swift in Sources */,
				6877284F23CCEBB2006CA422 /* TodayWeatherCell.swift in Sources */,
				6862D93F23CC55110083BE93 /* HomeMapInteractor.swift in Sources */,
				6862D90423CC51580083BE93 /* TaskOfEProject.xcdatamodeld in Sources */,
				6862D94F23CC67C00083BE93 /* DetailsModels.swift in Sources */,
				6862D95023CC67C00083BE93 /* DetailsViewController.swift in Sources */,
				6877284E23CCEBB2006CA422 /* WeatherSecondHeader.swift in Sources */,
				6877285123CCEBB2006CA422 /* ExtendedDetailCell.swift in Sources */,
				6877284C23CCEBB2006CA422 /* VerticalWeatherCell.swift in Sources */,
				6877283E23CCDF49006CA422 /* GlobalSettings.swift in Sources */,
				6862D95123CC67C00083BE93 /* DetailsInteractor.swift in Sources */,
				6877283823CCD9B3006CA422 /* UIColor+Helpers.swift in Sources */,
				6877283723CCD9B3006CA422 /* CustomClasses.swift in Sources */,
				6862D93D23CC55110083BE93 /* HomeMapModels.swift in Sources */,
				6877285923CCF335006CA422 /* ExtendedInfoDatasource.swift in Sources */,
				6862D93C23CC55110083BE93 /* HomeMapRouter.swift in Sources */,
				6862D94D23CC67C00083BE93 /* DetailsWorker.swift in Sources */,
			);
			runOnlyForDeploymentPostprocessing = 0;
		};
		6862D90B23CC51590083BE93 /* Sources */ = {
			isa = PBXSourcesBuildPhase;
			buildActionMask = 2147483647;
			files = (
				6862D91423CC51590083BE93 /* TaskOfEProjectTests.swift in Sources */,
			);
			runOnlyForDeploymentPostprocessing = 0;
		};
		6862D91623CC51590083BE93 /* Sources */ = {
			isa = PBXSourcesBuildPhase;
			buildActionMask = 2147483647;
			files = (
				6862D91F23CC51590083BE93 /* TaskOfEProjectUITests.swift in Sources */,
			);
			runOnlyForDeploymentPostprocessing = 0;
		};
/* End PBXSourcesBuildPhase section */

/* Begin PBXTargetDependency section */
		6862D91123CC51590083BE93 /* PBXTargetDependency */ = {
			isa = PBXTargetDependency;
			target = 6862D8F523CC51580083BE93 /* TaskOfEProject */;
			targetProxy = 6862D91023CC51590083BE93 /* PBXContainerItemProxy */;
		};
		6862D91C23CC51590083BE93 /* PBXTargetDependency */ = {
			isa = PBXTargetDependency;
			target = 6862D8F523CC51580083BE93 /* TaskOfEProject */;
			targetProxy = 6862D91B23CC51590083BE93 /* PBXContainerItemProxy */;
		};
/* End PBXTargetDependency section */

/* Begin PBXVariantGroup section */
		6862D8FF23CC51580083BE93 /* Main.storyboard */ = {
			isa = PBXVariantGroup;
			children = (
				6862D90023CC51580083BE93 /* Base */,
			);
			name = Main.storyboard;
			sourceTree = "<group>";
		};
		6862D90723CC51590083BE93 /* LaunchScreen.storyboard */ = {
			isa = PBXVariantGroup;
			children = (
				6862D90823CC51590083BE93 /* Base */,
			);
			name = LaunchScreen.storyboard;
			sourceTree = "<group>";
		};
/* End PBXVariantGroup section */

/* Begin XCBuildConfiguration section */
		6862D92123CC51590083BE93 /* Debug */ = {
			isa = XCBuildConfiguration;
			buildSettings = {
				ALWAYS_SEARCH_USER_PATHS = NO;
				CLANG_ANALYZER_NONNULL = YES;
				CLANG_ANALYZER_NUMBER_OBJECT_CONVERSION = YES_AGGRESSIVE;
				CLANG_CXX_LANGUAGE_STANDARD = "gnu++14";
				CLANG_CXX_LIBRARY = "libc++";
				CLANG_ENABLE_MODULES = YES;
				CLANG_ENABLE_OBJC_ARC = YES;
				CLANG_ENABLE_OBJC_WEAK = YES;
				CLANG_WARN_BLOCK_CAPTURE_AUTORELEASING = YES;
				CLANG_WARN_BOOL_CONVERSION = YES;
				CLANG_WARN_COMMA = YES;
				CLANG_WARN_CONSTANT_CONVERSION = YES;
				CLANG_WARN_DEPRECATED_OBJC_IMPLEMENTATIONS = YES;
				CLANG_WARN_DIRECT_OBJC_ISA_USAGE = YES_ERROR;
				CLANG_WARN_DOCUMENTATION_COMMENTS = YES;
				CLANG_WARN_EMPTY_BODY = YES;
				CLANG_WARN_ENUM_CONVERSION = YES;
				CLANG_WARN_INFINITE_RECURSION = YES;
				CLANG_WARN_INT_CONVERSION = YES;
				CLANG_WARN_NON_LITERAL_NULL_CONVERSION = YES;
				CLANG_WARN_OBJC_IMPLICIT_RETAIN_SELF = YES;
				CLANG_WARN_OBJC_LITERAL_CONVERSION = YES;
				CLANG_WARN_OBJC_ROOT_CLASS = YES_ERROR;
				CLANG_WARN_RANGE_LOOP_ANALYSIS = YES;
				CLANG_WARN_STRICT_PROTOTYPES = YES;
				CLANG_WARN_SUSPICIOUS_MOVE = YES;
				CLANG_WARN_UNGUARDED_AVAILABILITY = YES_AGGRESSIVE;
				CLANG_WARN_UNREACHABLE_CODE = YES;
				CLANG_WARN__DUPLICATE_METHOD_MATCH = YES;
				COPY_PHASE_STRIP = NO;
				DEBUG_INFORMATION_FORMAT = dwarf;
				ENABLE_STRICT_OBJC_MSGSEND = YES;
				ENABLE_TESTABILITY = YES;
				GCC_C_LANGUAGE_STANDARD = gnu11;
				GCC_DYNAMIC_NO_PIC = NO;
				GCC_NO_COMMON_BLOCKS = YES;
				GCC_OPTIMIZATION_LEVEL = 0;
				GCC_PREPROCESSOR_DEFINITIONS = (
					"DEBUG=1",
					"$(inherited)",
				);
				GCC_WARN_64_TO_32_BIT_CONVERSION = YES;
				GCC_WARN_ABOUT_RETURN_TYPE = YES_ERROR;
				GCC_WARN_UNDECLARED_SELECTOR = YES;
				GCC_WARN_UNINITIALIZED_AUTOS = YES_AGGRESSIVE;
				GCC_WARN_UNUSED_FUNCTION = YES;
				GCC_WARN_UNUSED_VARIABLE = YES;
				IPHONEOS_DEPLOYMENT_TARGET = 13.2;
				MTL_ENABLE_DEBUG_INFO = INCLUDE_SOURCE;
				MTL_FAST_MATH = YES;
				ONLY_ACTIVE_ARCH = YES;
				SDKROOT = iphoneos;
				SWIFT_ACTIVE_COMPILATION_CONDITIONS = DEBUG;
				SWIFT_OPTIMIZATION_LEVEL = "-Onone";
			};
			name = Debug;
		};
		6862D92223CC51590083BE93 /* Release */ = {
			isa = XCBuildConfiguration;
			buildSettings = {
				ALWAYS_SEARCH_USER_PATHS = NO;
				CLANG_ANALYZER_NONNULL = YES;
				CLANG_ANALYZER_NUMBER_OBJECT_CONVERSION = YES_AGGRESSIVE;
				CLANG_CXX_LANGUAGE_STANDARD = "gnu++14";
				CLANG_CXX_LIBRARY = "libc++";
				CLANG_ENABLE_MODULES = YES;
				CLANG_ENABLE_OBJC_ARC = YES;
				CLANG_ENABLE_OBJC_WEAK = YES;
				CLANG_WARN_BLOCK_CAPTURE_AUTORELEASING = YES;
				CLANG_WARN_BOOL_CONVERSION = YES;
				CLANG_WARN_COMMA = YES;
				CLANG_WARN_CONSTANT_CONVERSION = YES;
				CLANG_WARN_DEPRECATED_OBJC_IMPLEMENTATIONS = YES;
				CLANG_WARN_DIRECT_OBJC_ISA_USAGE = YES_ERROR;
				CLANG_WARN_DOCUMENTATION_COMMENTS = YES;
				CLANG_WARN_EMPTY_BODY = YES;
				CLANG_WARN_ENUM_CONVERSION = YES;
				CLANG_WARN_INFINITE_RECURSION = YES;
				CLANG_WARN_INT_CONVERSION = YES;
				CLANG_WARN_NON_LITERAL_NULL_CONVERSION = YES;
				CLANG_WARN_OBJC_IMPLICIT_RETAIN_SELF = YES;
				CLANG_WARN_OBJC_LITERAL_CONVERSION = YES;
				CLANG_WARN_OBJC_ROOT_CLASS = YES_ERROR;
				CLANG_WARN_RANGE_LOOP_ANALYSIS = YES;
				CLANG_WARN_STRICT_PROTOTYPES = YES;
				CLANG_WARN_SUSPICIOUS_MOVE = YES;
				CLANG_WARN_UNGUARDED_AVAILABILITY = YES_AGGRESSIVE;
				CLANG_WARN_UNREACHABLE_CODE = YES;
				CLANG_WARN__DUPLICATE_METHOD_MATCH = YES;
				COPY_PHASE_STRIP = NO;
				DEBUG_INFORMATION_FORMAT = "dwarf-with-dsym";
				ENABLE_NS_ASSERTIONS = NO;
				ENABLE_STRICT_OBJC_MSGSEND = YES;
				GCC_C_LANGUAGE_STANDARD = gnu11;
				GCC_NO_COMMON_BLOCKS = YES;
				GCC_WARN_64_TO_32_BIT_CONVERSION = YES;
				GCC_WARN_ABOUT_RETURN_TYPE = YES_ERROR;
				GCC_WARN_UNDECLARED_SELECTOR = YES;
				GCC_WARN_UNINITIALIZED_AUTOS = YES_AGGRESSIVE;
				GCC_WARN_UNUSED_FUNCTION = YES;
				GCC_WARN_UNUSED_VARIABLE = YES;
				IPHONEOS_DEPLOYMENT_TARGET = 13.2;
				MTL_ENABLE_DEBUG_INFO = NO;
				MTL_FAST_MATH = YES;
				SDKROOT = iphoneos;
				SWIFT_COMPILATION_MODE = wholemodule;
				SWIFT_OPTIMIZATION_LEVEL = "-O";
				VALIDATE_PRODUCT = YES;
			};
			name = Release;
		};
		6862D92423CC51590083BE93 /* Debug */ = {
			isa = XCBuildConfiguration;
			baseConfigurationReference = EF0AE364B7F3C7ABE12D961D /* Pods-TaskOfEProject.debug.xcconfig */;
			buildSettings = {
				ASSETCATALOG_COMPILER_APPICON_NAME = AppIcon;
				CODE_SIGN_STYLE = Automatic;
				DEVELOPMENT_TEAM = 2KDEH69VUR;
				INFOPLIST_FILE = TaskOfEProject/Info.plist;
				LD_RUNPATH_SEARCH_PATHS = (
					"$(inherited)",
					"@executable_path/Frameworks",
				);
				PRODUCT_BUNDLE_IDENTIFIER = Tomoum.eg.TaskOfEProject;
				PRODUCT_NAME = "$(TARGET_NAME)";
				SWIFT_VERSION = 5.0;
				TARGETED_DEVICE_FAMILY = "1,2";
			};
			name = Debug;
		};
		6862D92523CC51590083BE93 /* Release */ = {
			isa = XCBuildConfiguration;
			baseConfigurationReference = 273C70212C9D992142453EEA /* Pods-TaskOfEProject.release.xcconfig */;
			buildSettings = {
				ASSETCATALOG_COMPILER_APPICON_NAME = AppIcon;
				CODE_SIGN_STYLE = Automatic;
				DEVELOPMENT_TEAM = 2KDEH69VUR;
				INFOPLIST_FILE = TaskOfEProject/Info.plist;
				LD_RUNPATH_SEARCH_PATHS = (
					"$(inherited)",
					"@executable_path/Frameworks",
				);
				PRODUCT_BUNDLE_IDENTIFIER = Tomoum.eg.TaskOfEProject;
				PRODUCT_NAME = "$(TARGET_NAME)";
				SWIFT_VERSION = 5.0;
				TARGETED_DEVICE_FAMILY = "1,2";
			};
			name = Release;
		};
		6862D92723CC51590083BE93 /* Debug */ = {
			isa = XCBuildConfiguration;
			baseConfigurationReference = BDF2EDD6895F5C8B5709734D /* Pods-TaskOfEProjectTests.debug.xcconfig */;
			buildSettings = {
				ALWAYS_EMBED_SWIFT_STANDARD_LIBRARIES = YES;
				BUNDLE_LOADER = "$(TEST_HOST)";
				CODE_SIGN_STYLE = Automatic;
				DEVELOPMENT_TEAM = 2KDEH69VUR;
				INFOPLIST_FILE = TaskOfEProjectTests/Info.plist;
				IPHONEOS_DEPLOYMENT_TARGET = 13.2;
				LD_RUNPATH_SEARCH_PATHS = (
					"$(inherited)",
					"@executable_path/Frameworks",
					"@loader_path/Frameworks",
				);
				PRODUCT_BUNDLE_IDENTIFIER = Tomoum.eg.TaskOfEProjectTests;
				PRODUCT_NAME = "$(TARGET_NAME)";
				SWIFT_VERSION = 5.0;
				TARGETED_DEVICE_FAMILY = "1,2";
				TEST_HOST = "$(BUILT_PRODUCTS_DIR)/TaskOfEProject.app/TaskOfEProject";
			};
			name = Debug;
		};
		6862D92823CC51590083BE93 /* Release */ = {
			isa = XCBuildConfiguration;
			baseConfigurationReference = DFBEC736C459A8AB82272843 /* Pods-TaskOfEProjectTests.release.xcconfig */;
			buildSettings = {
				ALWAYS_EMBED_SWIFT_STANDARD_LIBRARIES = YES;
				BUNDLE_LOADER = "$(TEST_HOST)";
				CODE_SIGN_STYLE = Automatic;
				DEVELOPMENT_TEAM = 2KDEH69VUR;
				INFOPLIST_FILE = TaskOfEProjectTests/Info.plist;
				IPHONEOS_DEPLOYMENT_TARGET = 13.2;
				LD_RUNPATH_SEARCH_PATHS = (
					"$(inherited)",
					"@executable_path/Frameworks",
					"@loader_path/Frameworks",
				);
				PRODUCT_BUNDLE_IDENTIFIER = Tomoum.eg.TaskOfEProjectTests;
				PRODUCT_NAME = "$(TARGET_NAME)";
				SWIFT_VERSION = 5.0;
				TARGETED_DEVICE_FAMILY = "1,2";
				TEST_HOST = "$(BUILT_PRODUCTS_DIR)/TaskOfEProject.app/TaskOfEProject";
			};
			name = Release;
		};
		6862D92A23CC51590083BE93 /* Debug */ = {
			isa = XCBuildConfiguration;
			baseConfigurationReference = 045273652790130178D07FBA /* Pods-TaskOfEProject-TaskOfEProjectUITests.debug.xcconfig */;
			buildSettings = {
				ALWAYS_EMBED_SWIFT_STANDARD_LIBRARIES = YES;
				CODE_SIGN_STYLE = Automatic;
				DEVELOPMENT_TEAM = 2KDEH69VUR;
				INFOPLIST_FILE = TaskOfEProjectUITests/Info.plist;
				LD_RUNPATH_SEARCH_PATHS = (
					"$(inherited)",
					"@executable_path/Frameworks",
					"@loader_path/Frameworks",
				);
				PRODUCT_BUNDLE_IDENTIFIER = Tomoum.eg.TaskOfEProjectUITests;
				PRODUCT_NAME = "$(TARGET_NAME)";
				SWIFT_VERSION = 5.0;
				TARGETED_DEVICE_FAMILY = "1,2";
				TEST_TARGET_NAME = TaskOfEProject;
			};
			name = Debug;
		};
		6862D92B23CC51590083BE93 /* Release */ = {
			isa = XCBuildConfiguration;
			baseConfigurationReference = 60784DF31682D8568CB45980 /* Pods-TaskOfEProject-TaskOfEProjectUITests.release.xcconfig */;
			buildSettings = {
				ALWAYS_EMBED_SWIFT_STANDARD_LIBRARIES = YES;
				CODE_SIGN_STYLE = Automatic;
				DEVELOPMENT_TEAM = 2KDEH69VUR;
				INFOPLIST_FILE = TaskOfEProjectUITests/Info.plist;
				LD_RUNPATH_SEARCH_PATHS = (
					"$(inherited)",
					"@executable_path/Frameworks",
					"@loader_path/Frameworks",
				);
				PRODUCT_BUNDLE_IDENTIFIER = Tomoum.eg.TaskOfEProjectUITests;
				PRODUCT_NAME = "$(TARGET_NAME)";
				SWIFT_VERSION = 5.0;
				TARGETED_DEVICE_FAMILY = "1,2";
				TEST_TARGET_NAME = TaskOfEProject;
			};
			name = Release;
		};
/* End XCBuildConfiguration section */

/* Begin XCConfigurationList section */
		6862D8F123CC51580083BE93 /* Build configuration list for PBXProject "TaskOfEProject" */ = {
			isa = XCConfigurationList;
			buildConfigurations = (
				6862D92123CC51590083BE93 /* Debug */,
				6862D92223CC51590083BE93 /* Release */,
			);
			defaultConfigurationIsVisible = 0;
			defaultConfigurationName = Release;
		};
		6862D92323CC51590083BE93 /* Build configuration list for PBXNativeTarget "TaskOfEProject" */ = {
			isa = XCConfigurationList;
			buildConfigurations = (
				6862D92423CC51590083BE93 /* Debug */,
				6862D92523CC51590083BE93 /* Release */,
			);
			defaultConfigurationIsVisible = 0;
			defaultConfigurationName = Release;
		};
		6862D92623CC51590083BE93 /* Build configuration list for PBXNativeTarget "TaskOfEProjectTests" */ = {
			isa = XCConfigurationList;
			buildConfigurations = (
				6862D92723CC51590083BE93 /* Debug */,
				6862D92823CC51590083BE93 /* Release */,
			);
			defaultConfigurationIsVisible = 0;
			defaultConfigurationName = Release;
		};
		6862D92923CC51590083BE93 /* Build configuration list for PBXNativeTarget "TaskOfEProjectUITests" */ = {
			isa = XCConfigurationList;
			buildConfigurations = (
				6862D92A23CC51590083BE93 /* Debug */,
				6862D92B23CC51590083BE93 /* Release */,
			);
			defaultConfigurationIsVisible = 0;
			defaultConfigurationName = Release;
		};
/* End XCConfigurationList section */

/* Begin XCVersionGroup section */
		6862D90223CC51580083BE93 /* TaskOfEProject.xcdatamodeld */ = {
			isa = XCVersionGroup;
			children = (
				6862D90323CC51580083BE93 /* TaskOfEProject.xcdatamodel */,
			);
			currentVersion = 6862D90323CC51580083BE93 /* TaskOfEProject.xcdatamodel */;
			path = TaskOfEProject.xcdatamodeld;
			sourceTree = "<group>";
			versionGroupType = wrapper.xcdatamodel;
		};
/* End XCVersionGroup section */
	};
	rootObject = 6862D8EE23CC51580083BE93 /* Project object */;
}
