// !$*UTF8*$!
{
	archiveVersion = 1;
	classes = {
	};
	objectVersion = 50;
	objects = {

/* Begin PBXBuildFile section */
		6862D8FA23CC51580083BE93 /* AppDelegate.swift in Sources */ = {isa = PBXBuildFile; fileRef = 6862D8F923CC51580083BE93 /* AppDelegate.swift */; };
		6862D8FC23CC51580083BE93 /* SceneDelegate.swift in Sources */ = {isa = PBXBuildFile; fileRef = 6862D8FB23CC51580083BE93 /* SceneDelegate.swift */; };
		6862D8FE23CC51580083BE93 /* ViewController.swift in Sources */ = {isa = PBXBuildFile; fileRef = 6862D8FD23CC51580083BE93 /* ViewController.swift */; };
		6862D90123CC51580083BE93 /* Main.storyboard in Resources */ = {isa = PBXBuildFile; fileRef = 6862D8FF23CC51580083BE93 /* Main.storyboard */; };
		6862D90423CC51580083BE93 /* TaskOfEProject.xcdatamodeld in Sources */ = {isa = PBXBuildFile; fileRef = 6862D90223CC51580083BE93 /* TaskOfEProject.xcdatamodeld */; };
		6862D90623CC51590083BE93 /* Assets.xcassets in Resources */ = {isa = PBXBuildFile; fileRef = 6862D90523CC51590083BE93 /* Assets.xcassets */; };
		6862D90923CC51590083BE93 /* LaunchScreen.storyboard in Resources */ = {isa = PBXBuildFile; fileRef = 6862D90723CC51590083BE93 /* LaunchScreen.storyboard */; };
		6862D91423CC51590083BE93 /* TaskOfEProjectTests.swift in Sources */ = {isa = PBXBuildFile; fileRef = 6862D91323CC51590083BE93 /* TaskOfEProjectTests.swift */; };
		6862D91F23CC51590083BE93 /* TaskOfEProjectUITests.swift in Sources */ = {isa = PBXBuildFile; fileRef = 6862D91E23CC51590083BE93 /* TaskOfEProjectUITests.swift */; };
/* End PBXBuildFile section */

/* Begin PBXContainerItemProxy section */
		6862D91023CC51590083BE93 /* PBXContainerItemProxy */ = {
			isa = PBXContainerItemProxy;
			containerPortal = 6862D8EE23CC51580083BE93 /* Project object */;
			proxyType = 1;
			remoteGlobalIDString = 6862D8F523CC51580083BE93;
			remoteInfo = TaskOfEProject;
		};
		6862D91B23CC51590083BE93 /* PBXContainerItemProxy */ = {
			isa = PBXContainerItemProxy;
			containerPortal = 6862D8EE23CC51580083BE93 /* Project object */;
			proxyType = 1;
			remoteGlobalIDString = 6862D8F523CC51580083BE93;
			remoteInfo = TaskOfEProject;
		};
/* End PBXContainerItemProxy section */

/* Begin PBXFileReference section */
		6862D8F623CC51580083BE93 /* TaskOfEProject.app */ = {isa = PBXFileReference; explicitFileType = wrapper.application; includeInIndex = 0; path = TaskOfEProject.app; sourceTree = BUILT_PRODUCTS_DIR; };
		6862D8F923CC51580083BE93 /* AppDelegate.swift */ = {isa = PBXFileReference; lastKnownFileType = sourcecode.swift; path = AppDelegate.swift; sourceTree = "<group>"; };
		6862D8FB23CC51580083BE93 /* SceneDelegate.swift */ = {isa = PBXFileReference; lastKnownFileType = sourcecode.swift; path = SceneDelegate.swift; sourceTree = "<group>"; };
		6862D8FD23CC51580083BE93 /* ViewController.swift */ = {isa = PBXFileReference; lastKnownFileType = sourcecode.swift; path = ViewController.swift; sourceTree = "<group>"; };
		6862D90023CC51580083BE93 /* Base */ = {isa = PBXFileReference; lastKnownFileType = file.storyboard; name = Base; path = Base.lproj/Main.storyboard; sourceTree = "<group>"; };
		6862D90323CC51580083BE93 /* TaskOfEProject.xcdatamodel */ = {isa = PBXFileReference; lastKnownFileType = wrapper.xcdatamodel; path = TaskOfEProject.xcdatamodel; sourceTree = "<group>"; };
		6862D90523CC51590083BE93 /* Assets.xcassets */ = {isa = PBXFileReference; lastKnownFileType = folder.assetcatalog; path = Assets.xcassets; sourceTree = "<group>"; };
		6862D90823CC51590083BE93 /* Base */ = {isa = PBXFileReference; lastKnownFileType = file.storyboard; name = Base; path = Base.lproj/LaunchScreen.storyboard; sourceTree = "<group>"; };
		6862D90A23CC51590083BE93 /* Info.plist */ = {isa = PBXFileReference; lastKnownFileType = text.plist.xml; path = Info.plist; sourceTree = "<group>"; };
		6862D90F23CC51590083BE93 /* TaskOfEProjectTests.xctest */ = {isa = PBXFileReference; explicitFileType = wrapper.cfbundle; includeInIndex = 0; path = TaskOfEProjectTests.xctest; sourceTree = BUILT_PRODUCTS_DIR; };
		6862D91323CC51590083BE93 /* TaskOfEProjectTests.swift */ = {isa = PBXFileReference; lastKnownFileType = sourcecode.swift; path = TaskOfEProjectTests.swift; sourceTree = "<group>"; };
		6862D91523CC51590083BE93 /* Info.plist */ = {isa = PBXFileReference; lastKnownFileType = text.plist.xml; path = Info.plist; sourceTree = "<group>"; };
		6862D91A23CC51590083BE93 /* TaskOfEProjectUITests.xctest */ = {isa = PBXFileReference; explicitFileType = wrapper.cfbundle; includeInIndex = 0; path = TaskOfEProjectUITests.xctest; sourceTree = BUILT_PRODUCTS_DIR; };
		6862D91E23CC51590083BE93 /* TaskOfEProjectUITests.swift */ = {isa = PBXFileReference; lastKnownFileType = sourcecode.swift; path = TaskOfEProjectUITests.swift; sourceTree = "<group>"; };
		6862D92023CC51590083BE93 /* Info.plist */ = {isa = PBXFileReference; lastKnownFileType = text.plist.xml; path = Info.plist; sourceTree = "<group>"; };
/* End PBXFileReference section */

/* Begin PBXFrameworksBuildPhase section */
		6862D8F323CC51580083BE93 /* Frameworks */ = {
			isa = PBXFrameworksBuildPhase;
			buildActionMask = 2147483647;
			files = (
			);
			runOnlyForDeploymentPostprocessing = 0;
		};
		6862D90C23CC51590083BE93 /* Frameworks */ = {
			isa = PBXFrameworksBuildPhase;
			buildActionMask = 2147483647;
			files = (
			);
			runOnlyForDeploymentPostprocessing = 0;
		};
		6862D91723CC51590083BE93 /* Frameworks */ = {
			isa = PBXFrameworksBuildPhase;
			buildActionMask = 2147483647;
			files = (
			);
			runOnlyForDeploymentPostprocessing = 0;
		};
/* End PBXFrameworksBuildPhase section */

/* Begin PBXGroup section */
		6862D8ED23CC51580083BE93 = {
			isa = PBXGroup;
			children = (
				6862D8F823CC51580083BE93 /* TaskOfEProject */,
				6862D91223CC51590083BE93 /* TaskOfEProjectTests */,
				6862D91D23CC51590083BE93 /* TaskOfEProjectUITests */,
				6862D8F723CC51580083BE93 /* Products */,
			);
			sourceTree = "<group>";
		};
		6862D8F723CC51580083BE93 /* Products */ = {
			isa = PBXGroup;
			children = (
				6862D8F623CC51580083BE93 /* TaskOfEProject.app */,
				6862D90F23CC51590083BE93 /* TaskOfEProjectTests.xctest */,
				6862D91A23CC51590083BE93 /* TaskOfEProjectUITests.xctest */,
			);
			name = Products;
			sourceTree = "<group>";
		};
		6862D8F823CC51580083BE93 /* TaskOfEProject */ = {
			isa = PBXGroup;
			children = (
				6862D8F923CC51580083BE93 /* AppDelegate.swift */,
				6862D8FB23CC51580083BE93 /* SceneDelegate.swift */,
				6862D8FD23CC51580083BE93 /* ViewController.swift */,
				6862D8FF23CC51580083BE93 /* Main.storyboard */,
				6862D90523CC51590083BE93 /* Assets.xcassets */,
				6862D90723CC51590083BE93 /* LaunchScreen.storyboard */,
				6862D90A23CC51590083BE93 /* Info.plist */,
				6862D90223CC51580083BE93 /* TaskOfEProject.xcdatamodeld */,
			);
			path = TaskOfEProject;
			sourceTree = "<group>";
		};
		6862D91223CC51590083BE93 /* TaskOfEProjectTests */ = {
			isa = PBXGroup;
			children = (
				6862D91323CC51590083BE93 /* TaskOfEProjectTests.swift */,
				6862D91523CC51590083BE93 /* Info.plist */,
			);
			path = TaskOfEProjectTests;
			sourceTree = "<group>";
		};
		6862D91D23CC51590083BE93 /* TaskOfEProjectUITests */ = {
			isa = PBXGroup;
			children = (
				6862D91E23CC51590083BE93 /* TaskOfEProjectUITests.swift */,
				6862D92023CC51590083BE93 /* Info.plist */,
			);
			path = TaskOfEProjectUITests;
			sourceTree = "<group>";
		};
/* End PBXGroup section */

/* Begin PBXNativeTarget section */
		6862D8F523CC51580083BE93 /* TaskOfEProject */ = {
			isa = PBXNativeTarget;
			buildConfigurationList = 6862D92323CC51590083BE93 /* Build configuration list for PBXNativeTarget "TaskOfEProject" */;
			buildPhases = (
				6862D8F223CC51580083BE93 /* Sources */,
				6862D8F323CC51580083BE93 /* Frameworks */,
				6862D8F423CC51580083BE93 /* Resources */,
			);
			buildRules = (
			);
			dependencies = (
			);
			name = TaskOfEProject;
			productName = TaskOfEProject;
			productReference = 6862D8F623CC51580083BE93 /* TaskOfEProject.app */;
			productType = "com.apple.product-type.application";
		};
		6862D90E23CC51590083BE93 /* TaskOfEProjectTests */ = {
			isa = PBXNativeTarget;
			buildConfigurationList = 6862D92623CC51590083BE93 /* Build configuration list for PBXNativeTarget "TaskOfEProjectTests" */;
			buildPhases = (
				6862D90B23CC51590083BE93 /* Sources */,
				6862D90C23CC51590083BE93 /* Frameworks */,
				6862D90D23CC51590083BE93 /* Resources */,
			);
			buildRules = (
			);
			dependencies = (
				6862D91123CC51590083BE93 /* PBXTargetDependency */,
			);
			name = TaskOfEProjectTests;
			productName = TaskOfEProjectTests;
			productReference = 6862D90F23CC51590083BE93 /* TaskOfEProjectTests.xctest */;
			productType = "com.apple.product-type.bundle.unit-test";
		};
		6862D91923CC51590083BE93 /* TaskOfEProjectUITests */ = {
			isa = PBXNativeTarget;
			buildConfigurationList = 6862D92923CC51590083BE93 /* Build configuration list for PBXNativeTarget "TaskOfEProjectUITests" */;
			buildPhases = (
				6862D91623CC51590083BE93 /* Sources */,
				6862D91723CC51590083BE93 /* Frameworks */,
				6862D91823CC51590083BE93 /* Resources */,
			);
			buildRules = (
			);
			dependencies = (
				6862D91C23CC51590083BE93 /* PBXTargetDependency */,
			);
			name = TaskOfEProjectUITests;
			productName = TaskOfEProjectUITests;
			productReference = 6862D91A23CC51590083BE93 /* TaskOfEProjectUITests.xctest */;
			productType = "com.apple.product-type.bundle.ui-testing";
		};
/* End PBXNativeTarget section */

/* Begin PBXProject section */
		6862D8EE23CC51580083BE93 /* Project object */ = {
			isa = PBXProject;
			attributes = {
				LastSwiftUpdateCheck = 1130;
				LastUpgradeCheck = 1130;
				ORGANIZATIONNAME = Nermeen;
				TargetAttributes = {
					6862D8F523CC51580083BE93 = {
						CreatedOnToolsVersion = 11.3;
					};
					6862D90E23CC51590083BE93 = {
						CreatedOnToolsVersion = 11.3;
						TestTargetID = 6862D8F523CC51580083BE93;
					};
					6862D91923CC51590083BE93 = {
						CreatedOnToolsVersion = 11.3;
						TestTargetID = 6862D8F523CC51580083BE93;
					};
				};
			};
			buildConfigurationList = 6862D8F123CC51580083BE93 /* Build configuration list for PBXProject "TaskOfEProject" */;
			compatibilityVersion = "Xcode 9.3";
			developmentRegion = en;
			hasScannedForEncodings = 0;
			knownRegions = (
				en,
				Base,
			);
			mainGroup = 6862D8ED23CC51580083BE93;
			productRefGroup = 6862D8F723CC51580083BE93 /* Products */;
			projectDirPath = "";
			projectRoot = "";
			targets = (
				6862D8F523CC51580083BE93 /* TaskOfEProject */,
				6862D90E23CC51590083BE93 /* TaskOfEProjectTests */,
				6862D91923CC51590083BE93 /* TaskOfEProjectUITests */,
			);
		};
/* End PBXProject section */

/* Begin PBXResourcesBuildPhase section */
		6862D8F423CC51580083BE93 /* Resources */ = {
			isa = PBXResourcesBuildPhase;
			buildActionMask = 2147483647;
			files = (
				6862D90923CC51590083BE93 /* LaunchScreen.storyboard in Resources */,
				6862D90623CC51590083BE93 /* Assets.xcassets in Resources */,
				6862D90123CC51580083BE93 /* Main.storyboard in Resources */,
			);
			runOnlyForDeploymentPostprocessing = 0;
		};
		6862D90D23CC51590083BE93 /* Resources */ = {
			isa = PBXResourcesBuildPhase;
			buildActionMask = 2147483647;
			files = (
			);
			runOnlyForDeploymentPostprocessing = 0;
		};
		6862D91823CC51590083BE93 /* Resources */ = {
			isa = PBXResourcesBuildPhase;
			buildActionMask = 2147483647;
			files = (
			);
			runOnlyForDeploymentPostprocessing = 0;
		};
/* End PBXResourcesBuildPhase section */

/* Begin PBXSourcesBuildPhase section */
		6862D8F223CC51580083BE93 /* Sources */ = {
			isa = PBXSourcesBuildPhase;
			buildActionMask = 2147483647;
			files = (
				6862D8FE23CC51580083BE93 /* ViewController.swift in Sources */,
				6862D8FA23CC51580083BE93 /* AppDelegate.swift in Sources */,
				6862D8FC23CC51580083BE93 /* SceneDelegate.swift in Sources */,
				6862D90423CC51580083BE93 /* TaskOfEProject.xcdatamodeld in Sources */,
			);
			runOnlyForDeploymentPostprocessing = 0;
		};
		6862D90B23CC51590083BE93 /* Sources */ = {
			isa = PBXSourcesBuildPhase;
			buildActionMask = 2147483647;
			files = (
				6862D91423CC51590083BE93 /* TaskOfEProjectTests.swift in Sources */,
			);
			runOnlyForDeploymentPostprocessing = 0;
		};
		6862D91623CC51590083BE93 /* Sources */ = {
			isa = PBXSourcesBuildPhase;
			buildActionMask = 2147483647;
			files = (
				6862D91F23CC51590083BE93 /* TaskOfEProjectUITests.swift in Sources */,
			);
			runOnlyForDeploymentPostprocessing = 0;
		};
/* End PBXSourcesBuildPhase section */

/* Begin PBXTargetDependency section */
		6862D91123CC51590083BE93 /* PBXTargetDependency */ = {
			isa = PBXTargetDependency;
			target = 6862D8F523CC51580083BE93 /* TaskOfEProject */;
			targetProxy = 6862D91023CC51590083BE93 /* PBXContainerItemProxy */;
		};
		6862D91C23CC51590083BE93 /* PBXTargetDependency */ = {
			isa = PBXTargetDependency;
			target = 6862D8F523CC51580083BE93 /* TaskOfEProject */;
			targetProxy = 6862D91B23CC51590083BE93 /* PBXContainerItemProxy */;
		};
/* End PBXTargetDependency section */

/* Begin PBXVariantGroup section */
		6862D8FF23CC51580083BE93 /* Main.storyboard */ = {
			isa = PBXVariantGroup;
			children = (
				6862D90023CC51580083BE93 /* Base */,
			);
			name = Main.storyboard;
			sourceTree = "<group>";
		};
		6862D90723CC51590083BE93 /* LaunchScreen.storyboard */ = {
			isa = PBXVariantGroup;
			children = (
				6862D90823CC51590083BE93 /* Base */,
			);
			name = LaunchScreen.storyboard;
			sourceTree = "<group>";
		};
/* End PBXVariantGroup section */

/* Begin XCBuildConfiguration section */
		6862D92123CC51590083BE93 /* Debug */ = {
			isa = XCBuildConfiguration;
			buildSettings = {
				ALWAYS_SEARCH_USER_PATHS = NO;
				CLANG_ANALYZER_NONNULL = YES;
				CLANG_ANALYZER_NUMBER_OBJECT_CONVERSION = YES_AGGRESSIVE;
				CLANG_CXX_LANGUAGE_STANDARD = "gnu++14";
				CLANG_CXX_LIBRARY = "libc++";
				CLANG_ENABLE_MODULES = YES;
				CLANG_ENABLE_OBJC_ARC = YES;
				CLANG_ENABLE_OBJC_WEAK = YES;
				CLANG_WARN_BLOCK_CAPTURE_AUTORELEASING = YES;
				CLANG_WARN_BOOL_CONVERSION = YES;
				CLANG_WARN_COMMA = YES;
				CLANG_WARN_CONSTANT_CONVERSION = YES;
				CLANG_WARN_DEPRECATED_OBJC_IMPLEMENTATIONS = YES;
				CLANG_WARN_DIRECT_OBJC_ISA_USAGE = YES_ERROR;
				CLANG_WARN_DOCUMENTATION_COMMENTS = YES;
				CLANG_WARN_EMPTY_BODY = YES;
				CLANG_WARN_ENUM_CONVERSION = YES;
				CLANG_WARN_INFINITE_RECURSION = YES;
				CLANG_WARN_INT_CONVERSION = YES;
				CLANG_WARN_NON_LITERAL_NULL_CONVERSION = YES;
				CLANG_WARN_OBJC_IMPLICIT_RETAIN_SELF = YES;
				CLANG_WARN_OBJC_LITERAL_CONVERSION = YES;
				CLANG_WARN_OBJC_ROOT_CLASS = YES_ERROR;
				CLANG_WARN_RANGE_LOOP_ANALYSIS = YES;
				CLANG_WARN_STRICT_PROTOTYPES = YES;
				CLANG_WARN_SUSPICIOUS_MOVE = YES;
				CLANG_WARN_UNGUARDED_AVAILABILITY = YES_AGGRESSIVE;
				CLANG_WARN_UNREACHABLE_CODE = YES;
				CLANG_WARN__DUPLICATE_METHOD_MATCH = YES;
				COPY_PHASE_STRIP = NO;
				DEBUG_INFORMATION_FORMAT = dwarf;
				ENABLE_STRICT_OBJC_MSGSEND = YES;
				ENABLE_TESTABILITY = YES;
				GCC_C_LANGUAGE_STANDARD = gnu11;
				GCC_DYNAMIC_NO_PIC = NO;
				GCC_NO_COMMON_BLOCKS = YES;
				GCC_OPTIMIZATION_LEVEL = 0;
				GCC_PREPROCESSOR_DEFINITIONS = (
					"DEBUG=1",
					"$(inherited)",
				);
				GCC_WARN_64_TO_32_BIT_CONVERSION = YES;
				GCC_WARN_ABOUT_RETURN_TYPE = YES_ERROR;
				GCC_WARN_UNDECLARED_SELECTOR = YES;
				GCC_WARN_UNINITIALIZED_AUTOS = YES_AGGRESSIVE;
				GCC_WARN_UNUSED_FUNCTION = YES;
				GCC_WARN_UNUSED_VARIABLE = YES;
				IPHONEOS_DEPLOYMENT_TARGET = 13.2;
				MTL_ENABLE_DEBUG_INFO = INCLUDE_SOURCE;
				MTL_FAST_MATH = YES;
				ONLY_ACTIVE_ARCH = YES;
				SDKROOT = iphoneos;
				SWIFT_ACTIVE_COMPILATION_CONDITIONS = DEBUG;
				SWIFT_OPTIMIZATION_LEVEL = "-Onone";
			};
			name = Debug;
		};
		6862D92223CC51590083BE93 /* Release */ = {
			isa = XCBuildConfiguration;
			buildSettings = {
				ALWAYS_SEARCH_USER_PATHS = NO;
				CLANG_ANALYZER_NONNULL = YES;
				CLANG_ANALYZER_NUMBER_OBJECT_CONVERSION = YES_AGGRESSIVE;
				CLANG_CXX_LANGUAGE_STANDARD = "gnu++14";
				CLANG_CXX_LIBRARY = "libc++";
				CLANG_ENABLE_MODULES = YES;
				CLANG_ENABLE_OBJC_ARC = YES;
				CLANG_ENABLE_OBJC_WEAK = YES;
				CLANG_WARN_BLOCK_CAPTURE_AUTORELEASING = YES;
				CLANG_WARN_BOOL_CONVERSION = YES;
				CLANG_WARN_COMMA = YES;
				CLANG_WARN_CONSTANT_CONVERSION = YES;
				CLANG_WARN_DEPRECATED_OBJC_IMPLEMENTATIONS = YES;
				CLANG_WARN_DIRECT_OBJC_ISA_USAGE = YES_ERROR;
				CLANG_WARN_DOCUMENTATION_COMMENTS = YES;
				CLANG_WARN_EMPTY_BODY = YES;
				CLANG_WARN_ENUM_CONVERSION = YES;
				CLANG_WARN_INFINITE_RECURSION = YES;
				CLANG_WARN_INT_CONVERSION = YES;
				CLANG_WARN_NON_LITERAL_NULL_CONVERSION = YES;
				CLANG_WARN_OBJC_IMPLICIT_RETAIN_SELF = YES;
				CLANG_WARN_OBJC_LITERAL_CONVERSION = YES;
				CLANG_WARN_OBJC_ROOT_CLASS = YES_ERROR;
				CLANG_WARN_RANGE_LOOP_ANALYSIS = YES;
				CLANG_WARN_STRICT_PROTOTYPES = YES;
				CLANG_WARN_SUSPICIOUS_MOVE = YES;
				CLANG_WARN_UNGUARDED_AVAILABILITY = YES_AGGRESSIVE;
				CLANG_WARN_UNREACHABLE_CODE = YES;
				CLANG_WARN__DUPLICATE_METHOD_MATCH = YES;
				COPY_PHASE_STRIP = NO;
				DEBUG_INFORMATION_FORMAT = "dwarf-with-dsym";
				ENABLE_NS_ASSERTIONS = NO;
				ENABLE_STRICT_OBJC_MSGSEND = YES;
				GCC_C_LANGUAGE_STANDARD = gnu11;
				GCC_NO_COMMON_BLOCKS = YES;
				GCC_WARN_64_TO_32_BIT_CONVERSION = YES;
				GCC_WARN_ABOUT_RETURN_TYPE = YES_ERROR;
				GCC_WARN_UNDECLARED_SELECTOR = YES;
				GCC_WARN_UNINITIALIZED_AUTOS = YES_AGGRESSIVE;
				GCC_WARN_UNUSED_FUNCTION = YES;
				GCC_WARN_UNUSED_VARIABLE = YES;
				IPHONEOS_DEPLOYMENT_TARGET = 13.2;
				MTL_ENABLE_DEBUG_INFO = NO;
				MTL_FAST_MATH = YES;
				SDKROOT = iphoneos;
				SWIFT_COMPILATION_MODE = wholemodule;
				SWIFT_OPTIMIZATION_LEVEL = "-O";
				VALIDATE_PRODUCT = YES;
			};
			name = Release;
		};
		6862D92423CC51590083BE93 /* Debug */ = {
			isa = XCBuildConfiguration;
			buildSettings = {
				ASSETCATALOG_COMPILER_APPICON_NAME = AppIcon;
				CODE_SIGN_STYLE = Automatic;
				DEVELOPMENT_TEAM = 2KDEH69VUR;
				INFOPLIST_FILE = TaskOfEProject/Info.plist;
				LD_RUNPATH_SEARCH_PATHS = (
					"$(inherited)",
					"@executable_path/Frameworks",
				);
				PRODUCT_BUNDLE_IDENTIFIER = Tomoum.eg.TaskOfEProject;
				PRODUCT_NAME = "$(TARGET_NAME)";
				SWIFT_VERSION = 5.0;
				TARGETED_DEVICE_FAMILY = "1,2";
			};
			name = Debug;
		};
		6862D92523CC51590083BE93 /* Release */ = {
			isa = XCBuildConfiguration;
			buildSettings = {
				ASSETCATALOG_COMPILER_APPICON_NAME = AppIcon;
				CODE_SIGN_STYLE = Automatic;
				DEVELOPMENT_TEAM = 2KDEH69VUR;
				INFOPLIST_FILE = TaskOfEProject/Info.plist;
				LD_RUNPATH_SEARCH_PATHS = (
					"$(inherited)",
					"@executable_path/Frameworks",
				);
				PRODUCT_BUNDLE_IDENTIFIER = Tomoum.eg.TaskOfEProject;
				PRODUCT_NAME = "$(TARGET_NAME)";
				SWIFT_VERSION = 5.0;
				TARGETED_DEVICE_FAMILY = "1,2";
			};
			name = Release;
		};
		6862D92723CC51590083BE93 /* Debug */ = {
			isa = XCBuildConfiguration;
			buildSettings = {
				ALWAYS_EMBED_SWIFT_STANDARD_LIBRARIES = YES;
				BUNDLE_LOADER = "$(TEST_HOST)";
				CODE_SIGN_STYLE = Automatic;
				DEVELOPMENT_TEAM = 2KDEH69VUR;
				INFOPLIST_FILE = TaskOfEProjectTests/Info.plist;
				IPHONEOS_DEPLOYMENT_TARGET = 13.2;
				LD_RUNPATH_SEARCH_PATHS = (
					"$(inherited)",
					"@executable_path/Frameworks",
					"@loader_path/Frameworks",
				);
				PRODUCT_BUNDLE_IDENTIFIER = Tomoum.eg.TaskOfEProjectTests;
				PRODUCT_NAME = "$(TARGET_NAME)";
				SWIFT_VERSION = 5.0;
				TARGETED_DEVICE_FAMILY = "1,2";
				TEST_HOST = "$(BUILT_PRODUCTS_DIR)/TaskOfEProject.app/TaskOfEProject";
			};
			name = Debug;
		};
		6862D92823CC51590083BE93 /* Release */ = {
			isa = XCBuildConfiguration;
			buildSettings = {
				ALWAYS_EMBED_SWIFT_STANDARD_LIBRARIES = YES;
				BUNDLE_LOADER = "$(TEST_HOST)";
				CODE_SIGN_STYLE = Automatic;
				DEVELOPMENT_TEAM = 2KDEH69VUR;
				INFOPLIST_FILE = TaskOfEProjectTests/Info.plist;
				IPHONEOS_DEPLOYMENT_TARGET = 13.2;
				LD_RUNPATH_SEARCH_PATHS = (
					"$(inherited)",
					"@executable_path/Frameworks",
					"@loader_path/Frameworks",
				);
				PRODUCT_BUNDLE_IDENTIFIER = Tomoum.eg.TaskOfEProjectTests;
				PRODUCT_NAME = "$(TARGET_NAME)";
				SWIFT_VERSION = 5.0;
				TARGETED_DEVICE_FAMILY = "1,2";
				TEST_HOST = "$(BUILT_PRODUCTS_DIR)/TaskOfEProject.app/TaskOfEProject";
			};
			name = Release;
		};
		6862D92A23CC51590083BE93 /* Debug */ = {
			isa = XCBuildConfiguration;
			buildSettings = {
				ALWAYS_EMBED_SWIFT_STANDARD_LIBRARIES = YES;
				CODE_SIGN_STYLE = Automatic;
				DEVELOPMENT_TEAM = 2KDEH69VUR;
				INFOPLIST_FILE = TaskOfEProjectUITests/Info.plist;
				LD_RUNPATH_SEARCH_PATHS = (
					"$(inherited)",
					"@executable_path/Frameworks",
					"@loader_path/Frameworks",
				);
				PRODUCT_BUNDLE_IDENTIFIER = Tomoum.eg.TaskOfEProjectUITests;
				PRODUCT_NAME = "$(TARGET_NAME)";
				SWIFT_VERSION = 5.0;
				TARGETED_DEVICE_FAMILY = "1,2";
				TEST_TARGET_NAME = TaskOfEProject;
			};
			name = Debug;
		};
		6862D92B23CC51590083BE93 /* Release */ = {
			isa = XCBuildConfiguration;
			buildSettings = {
				ALWAYS_EMBED_SWIFT_STANDARD_LIBRARIES = YES;
				CODE_SIGN_STYLE = Automatic;
				DEVELOPMENT_TEAM = 2KDEH69VUR;
				INFOPLIST_FILE = TaskOfEProjectUITests/Info.plist;
				LD_RUNPATH_SEARCH_PATHS = (
					"$(inherited)",
					"@executable_path/Frameworks",
					"@loader_path/Frameworks",
				);
				PRODUCT_BUNDLE_IDENTIFIER = Tomoum.eg.TaskOfEProjectUITests;
				PRODUCT_NAME = "$(TARGET_NAME)";
				SWIFT_VERSION = 5.0;
				TARGETED_DEVICE_FAMILY = "1,2";
				TEST_TARGET_NAME = TaskOfEProject;
			};
			name = Release;
		};
/* End XCBuildConfiguration section */

/* Begin XCConfigurationList section */
		6862D8F123CC51580083BE93 /* Build configuration list for PBXProject "TaskOfEProject" */ = {
			isa = XCConfigurationList;
			buildConfigurations = (
				6862D92123CC51590083BE93 /* Debug */,
				6862D92223CC51590083BE93 /* Release */,
			);
			defaultConfigurationIsVisible = 0;
			defaultConfigurationName = Release;
		};
		6862D92323CC51590083BE93 /* Build configuration list for PBXNativeTarget "TaskOfEProject" */ = {
			isa = XCConfigurationList;
			buildConfigurations = (
				6862D92423CC51590083BE93 /* Debug */,
				6862D92523CC51590083BE93 /* Release */,
			);
			defaultConfigurationIsVisible = 0;
			defaultConfigurationName = Release;
		};
		6862D92623CC51590083BE93 /* Build configuration list for PBXNativeTarget "TaskOfEProjectTests" */ = {
			isa = XCConfigurationList;
			buildConfigurations = (
				6862D92723CC51590083BE93 /* Debug */,
				6862D92823CC51590083BE93 /* Release */,
			);
			defaultConfigurationIsVisible = 0;
			defaultConfigurationName = Release;
		};
		6862D92923CC51590083BE93 /* Build configuration list for PBXNativeTarget "TaskOfEProjectUITests" */ = {
			isa = XCConfigurationList;
			buildConfigurations = (
				6862D92A23CC51590083BE93 /* Debug */,
				6862D92B23CC51590083BE93 /* Release */,
			);
			defaultConfigurationIsVisible = 0;
			defaultConfigurationName = Release;
		};
/* End XCConfigurationList section */

/* Begin XCVersionGroup section */
		6862D90223CC51580083BE93 /* TaskOfEProject.xcdatamodeld */ = {
			isa = XCVersionGroup;
			children = (
				6862D90323CC51580083BE93 /* TaskOfEProject.xcdatamodel */,
			);
			currentVersion = 6862D90323CC51580083BE93 /* TaskOfEProject.xcdatamodel */;
			path = TaskOfEProject.xcdatamodeld;
			sourceTree = "<group>";
			versionGroupType = wrapper.xcdatamodel;
		};
/* End XCVersionGroup section */
	};
	rootObject = 6862D8EE23CC51580083BE93 /* Project object */;
}
